
Microsoft Visual Studio Solution File, Format Version 12.00
# Visual Studio 15
VisualStudioVersion = 15.0.26124.0
MinimumVisualStudioVersion = 15.0.26124.0
Project("{2150E333-8FDC-42A3-9474-1A3956D46DE8}") = "Tests", "Tests", "{0AE85E45-7A38-48E9-BE00-7620693995A5}"
EndProject
Project("{9A19103F-16F7-4668-BE54-9A1E7A4F7556}") = "TestWebApi", "TestWebApi\TestWebApi.csproj", "{5ABD947B-3ED7-4486-8555-2BB269365563}"
EndProject
Project("{2150E333-8FDC-42A3-9474-1A3956D46DE8}") = "Nugets", "Nugets", "{CE89FB2A-DB66-40BB-A344-92823863F868}"
EndProject
Project("{9A19103F-16F7-4668-BE54-9A1E7A4F7556}") = "NetCore.Apis.Consumer", "NetCore.Apis.Consumer\NetCore.Apis.Consumer.csproj", "{BF5449BE-69AF-4228-B716-293F466EC572}"
EndProject
Project("{9A19103F-16F7-4668-BE54-9A1E7A4F7556}") = "NetCore.Apis.Consumer.Test", "NetCore.Apis.Consumer.Test\NetCore.Apis.Consumer.Test.csproj", "{236F612A-A06B-433D-A111-BF8393202892}"
EndProject
Project("{9A19103F-16F7-4668-BE54-9A1E7A4F7556}") = "Constants", "Constants\Constants.csproj", "{23952A42-D4D6-4974-A5FC-8BCCB9D912AB}"
EndProject
Project("{9A19103F-16F7-4668-BE54-9A1E7A4F7556}") = "Models", "Models\Models.csproj", "{5BBE776B-6307-49A0-A7CC-B06085BA9DF6}"
EndProject
Project("{FAE04EC0-301F-11D3-BF4B-00C04F79EFBC}") = "NetCore.Apis.Client.UI", "NetCore.Apis.Client.UI\NetCore.Apis.Client.UI.csproj", "{DE6B7523-29A1-414A-BBC2-126DE499015D}"
EndProject
Project("{2150E333-8FDC-42A3-9474-1A3956D46DE8}") = "Xamarin using UI", "Xamarin using UI", "{D059A862-6DD4-4BD9-97E8-629950D172E8}"
EndProject
Project("{FAE04EC0-301F-11D3-BF4B-00C04F79EFBC}") = "MobileUI.Android", "MobileUI\MobileUI.Android\MobileUI.Android.csproj", "{9A15B0B4-2557-4695-9F2A-10BE4CCDB4FC}"
EndProject
Project("{FAE04EC0-301F-11D3-BF4B-00C04F79EFBC}") = "MobileUI.iOS", "MobileUI\MobileUI.iOS\MobileUI.iOS.csproj", "{C8D3AA4D-3AC2-4D31-845E-7AC3A5F1992D}"
EndProject
Project("{FAE04EC0-301F-11D3-BF4B-00C04F79EFBC}") = "MobileUI.UWP", "MobileUI\MobileUI.UWP\MobileUI.UWP.csproj", "{12FAF704-9EC2-468C-AFE6-50BCE951ABB8}"
EndProject
Project("{D954291E-2A0B-460D-934E-DC6B0785DB48}") = "MobileUI", "MobileUI\MobileUI\MobileUI.shproj", "{AA31A5A7-FFA8-4460-9C8A-FD32595D4EC9}"
EndProject
Global
	GlobalSection(SharedMSBuildProjectFiles) = preSolution
		MobileUI\MobileUI\MobileUI.projitems*{12faf704-9ec2-468c-afe6-50bce951abb8}*SharedItemsImports = 4
		MobileUI\MobileUI\MobileUI.projitems*{9a15b0b4-2557-4695-9f2a-10be4ccdb4fc}*SharedItemsImports = 4
		MobileUI\MobileUI\MobileUI.projitems*{aa31a5a7-ffa8-4460-9c8a-fd32595d4ec9}*SharedItemsImports = 13
		MobileUI\MobileUI\MobileUI.projitems*{c8d3aa4d-3ac2-4d31-845e-7ac3a5f1992d}*SharedItemsImports = 4
	EndGlobalSection
	GlobalSection(SolutionConfigurationPlatforms) = preSolution
		Ad-Hoc|Any CPU = Ad-Hoc|Any CPU
		Ad-Hoc|ARM = Ad-Hoc|ARM
		Ad-Hoc|iPhone = Ad-Hoc|iPhone
		Ad-Hoc|iPhoneSimulator = Ad-Hoc|iPhoneSimulator
		Ad-Hoc|x64 = Ad-Hoc|x64
		Ad-Hoc|x86 = Ad-Hoc|x86
		AppStore|Any CPU = AppStore|Any CPU
		AppStore|ARM = AppStore|ARM
		AppStore|iPhone = AppStore|iPhone
		AppStore|iPhoneSimulator = AppStore|iPhoneSimulator
		AppStore|x64 = AppStore|x64
		AppStore|x86 = AppStore|x86
		Debug|Any CPU = Debug|Any CPU
		Debug|ARM = Debug|ARM
		Debug|iPhone = Debug|iPhone
		Debug|iPhoneSimulator = Debug|iPhoneSimulator
		Debug|x64 = Debug|x64
		Debug|x86 = Debug|x86
		Release|Any CPU = Release|Any CPU
		Release|ARM = Release|ARM
		Release|iPhone = Release|iPhone
		Release|iPhoneSimulator = Release|iPhoneSimulator
		Release|x64 = Release|x64
		Release|x86 = Release|x86
	EndGlobalSection
	GlobalSection(ProjectConfigurationPlatforms) = postSolution
		{5ABD947B-3ED7-4486-8555-2BB269365563}.Ad-Hoc|Any CPU.ActiveCfg = Release|Any CPU
		{5ABD947B-3ED7-4486-8555-2BB269365563}.Ad-Hoc|Any CPU.Build.0 = Release|Any CPU
		{5ABD947B-3ED7-4486-8555-2BB269365563}.Ad-Hoc|ARM.ActiveCfg = Release|Any CPU
		{5ABD947B-3ED7-4486-8555-2BB269365563}.Ad-Hoc|ARM.Build.0 = Release|Any CPU
		{5ABD947B-3ED7-4486-8555-2BB269365563}.Ad-Hoc|iPhone.ActiveCfg = Release|Any CPU
		{5ABD947B-3ED7-4486-8555-2BB269365563}.Ad-Hoc|iPhone.Build.0 = Release|Any CPU
		{5ABD947B-3ED7-4486-8555-2BB269365563}.Ad-Hoc|iPhoneSimulator.ActiveCfg = Release|Any CPU
		{5ABD947B-3ED7-4486-8555-2BB269365563}.Ad-Hoc|iPhoneSimulator.Build.0 = Release|Any CPU
		{5ABD947B-3ED7-4486-8555-2BB269365563}.Ad-Hoc|x64.ActiveCfg = Release|Any CPU
		{5ABD947B-3ED7-4486-8555-2BB269365563}.Ad-Hoc|x64.Build.0 = Release|Any CPU
		{5ABD947B-3ED7-4486-8555-2BB269365563}.Ad-Hoc|x86.ActiveCfg = Release|Any CPU
		{5ABD947B-3ED7-4486-8555-2BB269365563}.Ad-Hoc|x86.Build.0 = Release|Any CPU
		{5ABD947B-3ED7-4486-8555-2BB269365563}.AppStore|Any CPU.ActiveCfg = Release|Any CPU
		{5ABD947B-3ED7-4486-8555-2BB269365563}.AppStore|Any CPU.Build.0 = Release|Any CPU
		{5ABD947B-3ED7-4486-8555-2BB269365563}.AppStore|ARM.ActiveCfg = Release|Any CPU
		{5ABD947B-3ED7-4486-8555-2BB269365563}.AppStore|ARM.Build.0 = Release|Any CPU
		{5ABD947B-3ED7-4486-8555-2BB269365563}.AppStore|iPhone.ActiveCfg = Release|Any CPU
		{5ABD947B-3ED7-4486-8555-2BB269365563}.AppStore|iPhone.Build.0 = Release|Any CPU
		{5ABD947B-3ED7-4486-8555-2BB269365563}.AppStore|iPhoneSimulator.ActiveCfg = Release|Any CPU
		{5ABD947B-3ED7-4486-8555-2BB269365563}.AppStore|iPhoneSimulator.Build.0 = Release|Any CPU
		{5ABD947B-3ED7-4486-8555-2BB269365563}.AppStore|x64.ActiveCfg = Release|Any CPU
		{5ABD947B-3ED7-4486-8555-2BB269365563}.AppStore|x64.Build.0 = Release|Any CPU
		{5ABD947B-3ED7-4486-8555-2BB269365563}.AppStore|x86.ActiveCfg = Release|Any CPU
		{5ABD947B-3ED7-4486-8555-2BB269365563}.AppStore|x86.Build.0 = Release|Any CPU
		{5ABD947B-3ED7-4486-8555-2BB269365563}.Debug|Any CPU.ActiveCfg = Debug|Any CPU
		{5ABD947B-3ED7-4486-8555-2BB269365563}.Debug|Any CPU.Build.0 = Debug|Any CPU
		{5ABD947B-3ED7-4486-8555-2BB269365563}.Debug|ARM.ActiveCfg = Debug|Any CPU
		{5ABD947B-3ED7-4486-8555-2BB269365563}.Debug|ARM.Build.0 = Debug|Any CPU
		{5ABD947B-3ED7-4486-8555-2BB269365563}.Debug|iPhone.ActiveCfg = Debug|Any CPU
		{5ABD947B-3ED7-4486-8555-2BB269365563}.Debug|iPhone.Build.0 = Debug|Any CPU
		{5ABD947B-3ED7-4486-8555-2BB269365563}.Debug|iPhoneSimulator.ActiveCfg = Debug|Any CPU
		{5ABD947B-3ED7-4486-8555-2BB269365563}.Debug|iPhoneSimulator.Build.0 = Debug|Any CPU
		{5ABD947B-3ED7-4486-8555-2BB269365563}.Debug|x64.ActiveCfg = Debug|Any CPU
		{5ABD947B-3ED7-4486-8555-2BB269365563}.Debug|x64.Build.0 = Debug|Any CPU
		{5ABD947B-3ED7-4486-8555-2BB269365563}.Debug|x86.ActiveCfg = Debug|Any CPU
		{5ABD947B-3ED7-4486-8555-2BB269365563}.Debug|x86.Build.0 = Debug|Any CPU
		{5ABD947B-3ED7-4486-8555-2BB269365563}.Release|Any CPU.ActiveCfg = Release|Any CPU
		{5ABD947B-3ED7-4486-8555-2BB269365563}.Release|Any CPU.Build.0 = Release|Any CPU
		{5ABD947B-3ED7-4486-8555-2BB269365563}.Release|ARM.ActiveCfg = Release|Any CPU
		{5ABD947B-3ED7-4486-8555-2BB269365563}.Release|ARM.Build.0 = Release|Any CPU
		{5ABD947B-3ED7-4486-8555-2BB269365563}.Release|iPhone.ActiveCfg = Release|Any CPU
		{5ABD947B-3ED7-4486-8555-2BB269365563}.Release|iPhone.Build.0 = Release|Any CPU
		{5ABD947B-3ED7-4486-8555-2BB269365563}.Release|iPhoneSimulator.ActiveCfg = Release|Any CPU
		{5ABD947B-3ED7-4486-8555-2BB269365563}.Release|iPhoneSimulator.Build.0 = Release|Any CPU
		{5ABD947B-3ED7-4486-8555-2BB269365563}.Release|x64.ActiveCfg = Release|Any CPU
		{5ABD947B-3ED7-4486-8555-2BB269365563}.Release|x64.Build.0 = Release|Any CPU
		{5ABD947B-3ED7-4486-8555-2BB269365563}.Release|x86.ActiveCfg = Release|Any CPU
		{5ABD947B-3ED7-4486-8555-2BB269365563}.Release|x86.Build.0 = Release|Any CPU
		{BF5449BE-69AF-4228-B716-293F466EC572}.Ad-Hoc|Any CPU.ActiveCfg = Release|Any CPU
		{BF5449BE-69AF-4228-B716-293F466EC572}.Ad-Hoc|Any CPU.Build.0 = Release|Any CPU
		{BF5449BE-69AF-4228-B716-293F466EC572}.Ad-Hoc|ARM.ActiveCfg = Release|Any CPU
		{BF5449BE-69AF-4228-B716-293F466EC572}.Ad-Hoc|ARM.Build.0 = Release|Any CPU
		{BF5449BE-69AF-4228-B716-293F466EC572}.Ad-Hoc|iPhone.ActiveCfg = Release|Any CPU
		{BF5449BE-69AF-4228-B716-293F466EC572}.Ad-Hoc|iPhone.Build.0 = Release|Any CPU
		{BF5449BE-69AF-4228-B716-293F466EC572}.Ad-Hoc|iPhoneSimulator.ActiveCfg = Release|Any CPU
		{BF5449BE-69AF-4228-B716-293F466EC572}.Ad-Hoc|iPhoneSimulator.Build.0 = Release|Any CPU
		{BF5449BE-69AF-4228-B716-293F466EC572}.Ad-Hoc|x64.ActiveCfg = Release|Any CPU
		{BF5449BE-69AF-4228-B716-293F466EC572}.Ad-Hoc|x64.Build.0 = Release|Any CPU
		{BF5449BE-69AF-4228-B716-293F466EC572}.Ad-Hoc|x86.ActiveCfg = Release|Any CPU
		{BF5449BE-69AF-4228-B716-293F466EC572}.Ad-Hoc|x86.Build.0 = Release|Any CPU
		{BF5449BE-69AF-4228-B716-293F466EC572}.AppStore|Any CPU.ActiveCfg = Release|Any CPU
		{BF5449BE-69AF-4228-B716-293F466EC572}.AppStore|Any CPU.Build.0 = Release|Any CPU
		{BF5449BE-69AF-4228-B716-293F466EC572}.AppStore|ARM.ActiveCfg = Release|Any CPU
		{BF5449BE-69AF-4228-B716-293F466EC572}.AppStore|ARM.Build.0 = Release|Any CPU
		{BF5449BE-69AF-4228-B716-293F466EC572}.AppStore|iPhone.ActiveCfg = Release|Any CPU
		{BF5449BE-69AF-4228-B716-293F466EC572}.AppStore|iPhone.Build.0 = Release|Any CPU
		{BF5449BE-69AF-4228-B716-293F466EC572}.AppStore|iPhoneSimulator.ActiveCfg = Release|Any CPU
		{BF5449BE-69AF-4228-B716-293F466EC572}.AppStore|iPhoneSimulator.Build.0 = Release|Any CPU
		{BF5449BE-69AF-4228-B716-293F466EC572}.AppStore|x64.ActiveCfg = Release|Any CPU
		{BF5449BE-69AF-4228-B716-293F466EC572}.AppStore|x64.Build.0 = Release|Any CPU
		{BF5449BE-69AF-4228-B716-293F466EC572}.AppStore|x86.ActiveCfg = Release|Any CPU
		{BF5449BE-69AF-4228-B716-293F466EC572}.AppStore|x86.Build.0 = Release|Any CPU
		{BF5449BE-69AF-4228-B716-293F466EC572}.Debug|Any CPU.ActiveCfg = Debug|Any CPU
		{BF5449BE-69AF-4228-B716-293F466EC572}.Debug|Any CPU.Build.0 = Debug|Any CPU
		{BF5449BE-69AF-4228-B716-293F466EC572}.Debug|ARM.ActiveCfg = Debug|Any CPU
		{BF5449BE-69AF-4228-B716-293F466EC572}.Debug|ARM.Build.0 = Debug|Any CPU
		{BF5449BE-69AF-4228-B716-293F466EC572}.Debug|iPhone.ActiveCfg = Debug|Any CPU
		{BF5449BE-69AF-4228-B716-293F466EC572}.Debug|iPhone.Build.0 = Debug|Any CPU
		{BF5449BE-69AF-4228-B716-293F466EC572}.Debug|iPhoneSimulator.ActiveCfg = Debug|Any CPU
		{BF5449BE-69AF-4228-B716-293F466EC572}.Debug|iPhoneSimulator.Build.0 = Debug|Any CPU
		{BF5449BE-69AF-4228-B716-293F466EC572}.Debug|x64.ActiveCfg = Debug|Any CPU
		{BF5449BE-69AF-4228-B716-293F466EC572}.Debug|x64.Build.0 = Debug|Any CPU
		{BF5449BE-69AF-4228-B716-293F466EC572}.Debug|x86.ActiveCfg = Debug|Any CPU
		{BF5449BE-69AF-4228-B716-293F466EC572}.Debug|x86.Build.0 = Debug|Any CPU
		{BF5449BE-69AF-4228-B716-293F466EC572}.Release|Any CPU.ActiveCfg = Release|Any CPU
		{BF5449BE-69AF-4228-B716-293F466EC572}.Release|Any CPU.Build.0 = Release|Any CPU
		{BF5449BE-69AF-4228-B716-293F466EC572}.Release|ARM.ActiveCfg = Release|Any CPU
		{BF5449BE-69AF-4228-B716-293F466EC572}.Release|ARM.Build.0 = Release|Any CPU
		{BF5449BE-69AF-4228-B716-293F466EC572}.Release|iPhone.ActiveCfg = Release|Any CPU
		{BF5449BE-69AF-4228-B716-293F466EC572}.Release|iPhone.Build.0 = Release|Any CPU
		{BF5449BE-69AF-4228-B716-293F466EC572}.Release|iPhoneSimulator.ActiveCfg = Release|Any CPU
		{BF5449BE-69AF-4228-B716-293F466EC572}.Release|iPhoneSimulator.Build.0 = Release|Any CPU
		{BF5449BE-69AF-4228-B716-293F466EC572}.Release|x64.ActiveCfg = Release|Any CPU
		{BF5449BE-69AF-4228-B716-293F466EC572}.Release|x64.Build.0 = Release|Any CPU
		{BF5449BE-69AF-4228-B716-293F466EC572}.Release|x86.ActiveCfg = Release|Any CPU
		{BF5449BE-69AF-4228-B716-293F466EC572}.Release|x86.Build.0 = Release|Any CPU
		{236F612A-A06B-433D-A111-BF8393202892}.Ad-Hoc|Any CPU.ActiveCfg = Release|Any CPU
		{236F612A-A06B-433D-A111-BF8393202892}.Ad-Hoc|Any CPU.Build.0 = Release|Any CPU
		{236F612A-A06B-433D-A111-BF8393202892}.Ad-Hoc|ARM.ActiveCfg = Release|Any CPU
		{236F612A-A06B-433D-A111-BF8393202892}.Ad-Hoc|ARM.Build.0 = Release|Any CPU
		{236F612A-A06B-433D-A111-BF8393202892}.Ad-Hoc|iPhone.ActiveCfg = Release|Any CPU
		{236F612A-A06B-433D-A111-BF8393202892}.Ad-Hoc|iPhone.Build.0 = Release|Any CPU
		{236F612A-A06B-433D-A111-BF8393202892}.Ad-Hoc|iPhoneSimulator.ActiveCfg = Release|Any CPU
		{236F612A-A06B-433D-A111-BF8393202892}.Ad-Hoc|iPhoneSimulator.Build.0 = Release|Any CPU
		{236F612A-A06B-433D-A111-BF8393202892}.Ad-Hoc|x64.ActiveCfg = Release|Any CPU
		{236F612A-A06B-433D-A111-BF8393202892}.Ad-Hoc|x64.Build.0 = Release|Any CPU
		{236F612A-A06B-433D-A111-BF8393202892}.Ad-Hoc|x86.ActiveCfg = Release|Any CPU
		{236F612A-A06B-433D-A111-BF8393202892}.Ad-Hoc|x86.Build.0 = Release|Any CPU
		{236F612A-A06B-433D-A111-BF8393202892}.AppStore|Any CPU.ActiveCfg = Release|Any CPU
		{236F612A-A06B-433D-A111-BF8393202892}.AppStore|Any CPU.Build.0 = Release|Any CPU
		{236F612A-A06B-433D-A111-BF8393202892}.AppStore|ARM.ActiveCfg = Release|Any CPU
		{236F612A-A06B-433D-A111-BF8393202892}.AppStore|ARM.Build.0 = Release|Any CPU
		{236F612A-A06B-433D-A111-BF8393202892}.AppStore|iPhone.ActiveCfg = Release|Any CPU
		{236F612A-A06B-433D-A111-BF8393202892}.AppStore|iPhone.Build.0 = Release|Any CPU
		{236F612A-A06B-433D-A111-BF8393202892}.AppStore|iPhoneSimulator.ActiveCfg = Release|Any CPU
		{236F612A-A06B-433D-A111-BF8393202892}.AppStore|iPhoneSimulator.Build.0 = Release|Any CPU
		{236F612A-A06B-433D-A111-BF8393202892}.AppStore|x64.ActiveCfg = Release|Any CPU
		{236F612A-A06B-433D-A111-BF8393202892}.AppStore|x64.Build.0 = Release|Any CPU
		{236F612A-A06B-433D-A111-BF8393202892}.AppStore|x86.ActiveCfg = Release|Any CPU
		{236F612A-A06B-433D-A111-BF8393202892}.AppStore|x86.Build.0 = Release|Any CPU
		{236F612A-A06B-433D-A111-BF8393202892}.Debug|Any CPU.ActiveCfg = Debug|Any CPU
		{236F612A-A06B-433D-A111-BF8393202892}.Debug|Any CPU.Build.0 = Debug|Any CPU
		{236F612A-A06B-433D-A111-BF8393202892}.Debug|ARM.ActiveCfg = Debug|Any CPU
		{236F612A-A06B-433D-A111-BF8393202892}.Debug|ARM.Build.0 = Debug|Any CPU
		{236F612A-A06B-433D-A111-BF8393202892}.Debug|iPhone.ActiveCfg = Debug|Any CPU
		{236F612A-A06B-433D-A111-BF8393202892}.Debug|iPhone.Build.0 = Debug|Any CPU
		{236F612A-A06B-433D-A111-BF8393202892}.Debug|iPhoneSimulator.ActiveCfg = Debug|Any CPU
		{236F612A-A06B-433D-A111-BF8393202892}.Debug|iPhoneSimulator.Build.0 = Debug|Any CPU
		{236F612A-A06B-433D-A111-BF8393202892}.Debug|x64.ActiveCfg = Debug|Any CPU
		{236F612A-A06B-433D-A111-BF8393202892}.Debug|x64.Build.0 = Debug|Any CPU
		{236F612A-A06B-433D-A111-BF8393202892}.Debug|x86.ActiveCfg = Debug|Any CPU
		{236F612A-A06B-433D-A111-BF8393202892}.Debug|x86.Build.0 = Debug|Any CPU
		{236F612A-A06B-433D-A111-BF8393202892}.Release|Any CPU.ActiveCfg = Release|Any CPU
		{236F612A-A06B-433D-A111-BF8393202892}.Release|Any CPU.Build.0 = Release|Any CPU
		{236F612A-A06B-433D-A111-BF8393202892}.Release|ARM.ActiveCfg = Release|Any CPU
		{236F612A-A06B-433D-A111-BF8393202892}.Release|ARM.Build.0 = Release|Any CPU
		{236F612A-A06B-433D-A111-BF8393202892}.Release|iPhone.ActiveCfg = Release|Any CPU
		{236F612A-A06B-433D-A111-BF8393202892}.Release|iPhone.Build.0 = Release|Any CPU
		{236F612A-A06B-433D-A111-BF8393202892}.Release|iPhoneSimulator.ActiveCfg = Release|Any CPU
		{236F612A-A06B-433D-A111-BF8393202892}.Release|iPhoneSimulator.Build.0 = Release|Any CPU
		{236F612A-A06B-433D-A111-BF8393202892}.Release|x64.ActiveCfg = Release|Any CPU
		{236F612A-A06B-433D-A111-BF8393202892}.Release|x64.Build.0 = Release|Any CPU
		{236F612A-A06B-433D-A111-BF8393202892}.Release|x86.ActiveCfg = Release|Any CPU
		{236F612A-A06B-433D-A111-BF8393202892}.Release|x86.Build.0 = Release|Any CPU
		{23952A42-D4D6-4974-A5FC-8BCCB9D912AB}.Ad-Hoc|Any CPU.ActiveCfg = Release|Any CPU
		{23952A42-D4D6-4974-A5FC-8BCCB9D912AB}.Ad-Hoc|Any CPU.Build.0 = Release|Any CPU
		{23952A42-D4D6-4974-A5FC-8BCCB9D912AB}.Ad-Hoc|ARM.ActiveCfg = Release|Any CPU
		{23952A42-D4D6-4974-A5FC-8BCCB9D912AB}.Ad-Hoc|ARM.Build.0 = Release|Any CPU
		{23952A42-D4D6-4974-A5FC-8BCCB9D912AB}.Ad-Hoc|iPhone.ActiveCfg = Release|Any CPU
		{23952A42-D4D6-4974-A5FC-8BCCB9D912AB}.Ad-Hoc|iPhone.Build.0 = Release|Any CPU
		{23952A42-D4D6-4974-A5FC-8BCCB9D912AB}.Ad-Hoc|iPhoneSimulator.ActiveCfg = Release|Any CPU
		{23952A42-D4D6-4974-A5FC-8BCCB9D912AB}.Ad-Hoc|iPhoneSimulator.Build.0 = Release|Any CPU
		{23952A42-D4D6-4974-A5FC-8BCCB9D912AB}.Ad-Hoc|x64.ActiveCfg = Release|Any CPU
		{23952A42-D4D6-4974-A5FC-8BCCB9D912AB}.Ad-Hoc|x64.Build.0 = Release|Any CPU
		{23952A42-D4D6-4974-A5FC-8BCCB9D912AB}.Ad-Hoc|x86.ActiveCfg = Release|Any CPU
		{23952A42-D4D6-4974-A5FC-8BCCB9D912AB}.Ad-Hoc|x86.Build.0 = Release|Any CPU
		{23952A42-D4D6-4974-A5FC-8BCCB9D912AB}.AppStore|Any CPU.ActiveCfg = Release|Any CPU
		{23952A42-D4D6-4974-A5FC-8BCCB9D912AB}.AppStore|Any CPU.Build.0 = Release|Any CPU
		{23952A42-D4D6-4974-A5FC-8BCCB9D912AB}.AppStore|ARM.ActiveCfg = Release|Any CPU
		{23952A42-D4D6-4974-A5FC-8BCCB9D912AB}.AppStore|ARM.Build.0 = Release|Any CPU
		{23952A42-D4D6-4974-A5FC-8BCCB9D912AB}.AppStore|iPhone.ActiveCfg = Release|Any CPU
		{23952A42-D4D6-4974-A5FC-8BCCB9D912AB}.AppStore|iPhone.Build.0 = Release|Any CPU
		{23952A42-D4D6-4974-A5FC-8BCCB9D912AB}.AppStore|iPhoneSimulator.ActiveCfg = Release|Any CPU
		{23952A42-D4D6-4974-A5FC-8BCCB9D912AB}.AppStore|iPhoneSimulator.Build.0 = Release|Any CPU
		{23952A42-D4D6-4974-A5FC-8BCCB9D912AB}.AppStore|x64.ActiveCfg = Release|Any CPU
		{23952A42-D4D6-4974-A5FC-8BCCB9D912AB}.AppStore|x64.Build.0 = Release|Any CPU
		{23952A42-D4D6-4974-A5FC-8BCCB9D912AB}.AppStore|x86.ActiveCfg = Release|Any CPU
		{23952A42-D4D6-4974-A5FC-8BCCB9D912AB}.AppStore|x86.Build.0 = Release|Any CPU
		{23952A42-D4D6-4974-A5FC-8BCCB9D912AB}.Debug|Any CPU.ActiveCfg = Debug|Any CPU
		{23952A42-D4D6-4974-A5FC-8BCCB9D912AB}.Debug|Any CPU.Build.0 = Debug|Any CPU
		{23952A42-D4D6-4974-A5FC-8BCCB9D912AB}.Debug|ARM.ActiveCfg = Debug|Any CPU
		{23952A42-D4D6-4974-A5FC-8BCCB9D912AB}.Debug|ARM.Build.0 = Debug|Any CPU
		{23952A42-D4D6-4974-A5FC-8BCCB9D912AB}.Debug|iPhone.ActiveCfg = Debug|Any CPU
		{23952A42-D4D6-4974-A5FC-8BCCB9D912AB}.Debug|iPhone.Build.0 = Debug|Any CPU
		{23952A42-D4D6-4974-A5FC-8BCCB9D912AB}.Debug|iPhoneSimulator.ActiveCfg = Debug|Any CPU
		{23952A42-D4D6-4974-A5FC-8BCCB9D912AB}.Debug|iPhoneSimulator.Build.0 = Debug|Any CPU
		{23952A42-D4D6-4974-A5FC-8BCCB9D912AB}.Debug|x64.ActiveCfg = Debug|Any CPU
		{23952A42-D4D6-4974-A5FC-8BCCB9D912AB}.Debug|x64.Build.0 = Debug|Any CPU
		{23952A42-D4D6-4974-A5FC-8BCCB9D912AB}.Debug|x86.ActiveCfg = Debug|Any CPU
		{23952A42-D4D6-4974-A5FC-8BCCB9D912AB}.Debug|x86.Build.0 = Debug|Any CPU
		{23952A42-D4D6-4974-A5FC-8BCCB9D912AB}.Release|Any CPU.ActiveCfg = Release|Any CPU
		{23952A42-D4D6-4974-A5FC-8BCCB9D912AB}.Release|Any CPU.Build.0 = Release|Any CPU
		{23952A42-D4D6-4974-A5FC-8BCCB9D912AB}.Release|ARM.ActiveCfg = Release|Any CPU
		{23952A42-D4D6-4974-A5FC-8BCCB9D912AB}.Release|ARM.Build.0 = Release|Any CPU
		{23952A42-D4D6-4974-A5FC-8BCCB9D912AB}.Release|iPhone.ActiveCfg = Release|Any CPU
		{23952A42-D4D6-4974-A5FC-8BCCB9D912AB}.Release|iPhone.Build.0 = Release|Any CPU
		{23952A42-D4D6-4974-A5FC-8BCCB9D912AB}.Release|iPhoneSimulator.ActiveCfg = Release|Any CPU
		{23952A42-D4D6-4974-A5FC-8BCCB9D912AB}.Release|iPhoneSimulator.Build.0 = Release|Any CPU
		{23952A42-D4D6-4974-A5FC-8BCCB9D912AB}.Release|x64.ActiveCfg = Release|Any CPU
		{23952A42-D4D6-4974-A5FC-8BCCB9D912AB}.Release|x64.Build.0 = Release|Any CPU
		{23952A42-D4D6-4974-A5FC-8BCCB9D912AB}.Release|x86.ActiveCfg = Release|Any CPU
		{23952A42-D4D6-4974-A5FC-8BCCB9D912AB}.Release|x86.Build.0 = Release|Any CPU
		{5BBE776B-6307-49A0-A7CC-B06085BA9DF6}.Ad-Hoc|Any CPU.ActiveCfg = Release|Any CPU
		{5BBE776B-6307-49A0-A7CC-B06085BA9DF6}.Ad-Hoc|Any CPU.Build.0 = Release|Any CPU
		{5BBE776B-6307-49A0-A7CC-B06085BA9DF6}.Ad-Hoc|ARM.ActiveCfg = Release|Any CPU
		{5BBE776B-6307-49A0-A7CC-B06085BA9DF6}.Ad-Hoc|ARM.Build.0 = Release|Any CPU
		{5BBE776B-6307-49A0-A7CC-B06085BA9DF6}.Ad-Hoc|iPhone.ActiveCfg = Release|Any CPU
		{5BBE776B-6307-49A0-A7CC-B06085BA9DF6}.Ad-Hoc|iPhone.Build.0 = Release|Any CPU
		{5BBE776B-6307-49A0-A7CC-B06085BA9DF6}.Ad-Hoc|iPhoneSimulator.ActiveCfg = Release|Any CPU
		{5BBE776B-6307-49A0-A7CC-B06085BA9DF6}.Ad-Hoc|iPhoneSimulator.Build.0 = Release|Any CPU
		{5BBE776B-6307-49A0-A7CC-B06085BA9DF6}.Ad-Hoc|x64.ActiveCfg = Release|Any CPU
		{5BBE776B-6307-49A0-A7CC-B06085BA9DF6}.Ad-Hoc|x64.Build.0 = Release|Any CPU
		{5BBE776B-6307-49A0-A7CC-B06085BA9DF6}.Ad-Hoc|x86.ActiveCfg = Release|Any CPU
		{5BBE776B-6307-49A0-A7CC-B06085BA9DF6}.Ad-Hoc|x86.Build.0 = Release|Any CPU
		{5BBE776B-6307-49A0-A7CC-B06085BA9DF6}.AppStore|Any CPU.ActiveCfg = Release|Any CPU
		{5BBE776B-6307-49A0-A7CC-B06085BA9DF6}.AppStore|Any CPU.Build.0 = Release|Any CPU
		{5BBE776B-6307-49A0-A7CC-B06085BA9DF6}.AppStore|ARM.ActiveCfg = Release|Any CPU
		{5BBE776B-6307-49A0-A7CC-B06085BA9DF6}.AppStore|ARM.Build.0 = Release|Any CPU
		{5BBE776B-6307-49A0-A7CC-B06085BA9DF6}.AppStore|iPhone.ActiveCfg = Release|Any CPU
		{5BBE776B-6307-49A0-A7CC-B06085BA9DF6}.AppStore|iPhone.Build.0 = Release|Any CPU
		{5BBE776B-6307-49A0-A7CC-B06085BA9DF6}.AppStore|iPhoneSimulator.ActiveCfg = Release|Any CPU
		{5BBE776B-6307-49A0-A7CC-B06085BA9DF6}.AppStore|iPhoneSimulator.Build.0 = Release|Any CPU
		{5BBE776B-6307-49A0-A7CC-B06085BA9DF6}.AppStore|x64.ActiveCfg = Release|Any CPU
		{5BBE776B-6307-49A0-A7CC-B06085BA9DF6}.AppStore|x64.Build.0 = Release|Any CPU
		{5BBE776B-6307-49A0-A7CC-B06085BA9DF6}.AppStore|x86.ActiveCfg = Release|Any CPU
		{5BBE776B-6307-49A0-A7CC-B06085BA9DF6}.AppStore|x86.Build.0 = Release|Any CPU
		{5BBE776B-6307-49A0-A7CC-B06085BA9DF6}.Debug|Any CPU.ActiveCfg = Debug|Any CPU
		{5BBE776B-6307-49A0-A7CC-B06085BA9DF6}.Debug|Any CPU.Build.0 = Debug|Any CPU
		{5BBE776B-6307-49A0-A7CC-B06085BA9DF6}.Debug|ARM.ActiveCfg = Debug|Any CPU
		{5BBE776B-6307-49A0-A7CC-B06085BA9DF6}.Debug|ARM.Build.0 = Debug|Any CPU
		{5BBE776B-6307-49A0-A7CC-B06085BA9DF6}.Debug|iPhone.ActiveCfg = Debug|Any CPU
		{5BBE776B-6307-49A0-A7CC-B06085BA9DF6}.Debug|iPhone.Build.0 = Debug|Any CPU
		{5BBE776B-6307-49A0-A7CC-B06085BA9DF6}.Debug|iPhoneSimulator.ActiveCfg = Debug|Any CPU
		{5BBE776B-6307-49A0-A7CC-B06085BA9DF6}.Debug|iPhoneSimulator.Build.0 = Debug|Any CPU
		{5BBE776B-6307-49A0-A7CC-B06085BA9DF6}.Debug|x64.ActiveCfg = Debug|Any CPU
		{5BBE776B-6307-49A0-A7CC-B06085BA9DF6}.Debug|x64.Build.0 = Debug|Any CPU
		{5BBE776B-6307-49A0-A7CC-B06085BA9DF6}.Debug|x86.ActiveCfg = Debug|Any CPU
		{5BBE776B-6307-49A0-A7CC-B06085BA9DF6}.Debug|x86.Build.0 = Debug|Any CPU
		{5BBE776B-6307-49A0-A7CC-B06085BA9DF6}.Release|Any CPU.ActiveCfg = Release|Any CPU
		{5BBE776B-6307-49A0-A7CC-B06085BA9DF6}.Release|Any CPU.Build.0 = Release|Any CPU
		{5BBE776B-6307-49A0-A7CC-B06085BA9DF6}.Release|ARM.ActiveCfg = Release|Any CPU
		{5BBE776B-6307-49A0-A7CC-B06085BA9DF6}.Release|ARM.Build.0 = Release|Any CPU
		{5BBE776B-6307-49A0-A7CC-B06085BA9DF6}.Release|iPhone.ActiveCfg = Release|Any CPU
		{5BBE776B-6307-49A0-A7CC-B06085BA9DF6}.Release|iPhone.Build.0 = Release|Any CPU
		{5BBE776B-6307-49A0-A7CC-B06085BA9DF6}.Release|iPhoneSimulator.ActiveCfg = Release|Any CPU
		{5BBE776B-6307-49A0-A7CC-B06085BA9DF6}.Release|iPhoneSimulator.Build.0 = Release|Any CPU
		{5BBE776B-6307-49A0-A7CC-B06085BA9DF6}.Release|x64.ActiveCfg = Release|Any CPU
		{5BBE776B-6307-49A0-A7CC-B06085BA9DF6}.Release|x64.Build.0 = Release|Any CPU
		{5BBE776B-6307-49A0-A7CC-B06085BA9DF6}.Release|x86.ActiveCfg = Release|Any CPU
		{5BBE776B-6307-49A0-A7CC-B06085BA9DF6}.Release|x86.Build.0 = Release|Any CPU
		{DE6B7523-29A1-414A-BBC2-126DE499015D}.Ad-Hoc|Any CPU.ActiveCfg = Debug|Any CPU
		{DE6B7523-29A1-414A-BBC2-126DE499015D}.Ad-Hoc|Any CPU.Build.0 = Debug|Any CPU
		{DE6B7523-29A1-414A-BBC2-126DE499015D}.Ad-Hoc|ARM.ActiveCfg = Debug|Any CPU
		{DE6B7523-29A1-414A-BBC2-126DE499015D}.Ad-Hoc|ARM.Build.0 = Debug|Any CPU
		{DE6B7523-29A1-414A-BBC2-126DE499015D}.Ad-Hoc|iPhone.ActiveCfg = Debug|Any CPU
		{DE6B7523-29A1-414A-BBC2-126DE499015D}.Ad-Hoc|iPhone.Build.0 = Debug|Any CPU
		{DE6B7523-29A1-414A-BBC2-126DE499015D}.Ad-Hoc|iPhoneSimulator.ActiveCfg = Debug|Any CPU
		{DE6B7523-29A1-414A-BBC2-126DE499015D}.Ad-Hoc|iPhoneSimulator.Build.0 = Debug|Any CPU
		{DE6B7523-29A1-414A-BBC2-126DE499015D}.Ad-Hoc|x64.ActiveCfg = Debug|Any CPU
		{DE6B7523-29A1-414A-BBC2-126DE499015D}.Ad-Hoc|x64.Build.0 = Debug|Any CPU
		{DE6B7523-29A1-414A-BBC2-126DE499015D}.Ad-Hoc|x86.ActiveCfg = Debug|Any CPU
		{DE6B7523-29A1-414A-BBC2-126DE499015D}.Ad-Hoc|x86.Build.0 = Debug|Any CPU
		{DE6B7523-29A1-414A-BBC2-126DE499015D}.AppStore|Any CPU.ActiveCfg = Debug|Any CPU
		{DE6B7523-29A1-414A-BBC2-126DE499015D}.AppStore|Any CPU.Build.0 = Debug|Any CPU
		{DE6B7523-29A1-414A-BBC2-126DE499015D}.AppStore|ARM.ActiveCfg = Debug|Any CPU
		{DE6B7523-29A1-414A-BBC2-126DE499015D}.AppStore|ARM.Build.0 = Debug|Any CPU
		{DE6B7523-29A1-414A-BBC2-126DE499015D}.AppStore|iPhone.ActiveCfg = Debug|Any CPU
		{DE6B7523-29A1-414A-BBC2-126DE499015D}.AppStore|iPhone.Build.0 = Debug|Any CPU
		{DE6B7523-29A1-414A-BBC2-126DE499015D}.AppStore|iPhoneSimulator.ActiveCfg = Debug|Any CPU
		{DE6B7523-29A1-414A-BBC2-126DE499015D}.AppStore|iPhoneSimulator.Build.0 = Debug|Any CPU
		{DE6B7523-29A1-414A-BBC2-126DE499015D}.AppStore|x64.ActiveCfg = Debug|Any CPU
		{DE6B7523-29A1-414A-BBC2-126DE499015D}.AppStore|x64.Build.0 = Debug|Any CPU
		{DE6B7523-29A1-414A-BBC2-126DE499015D}.AppStore|x86.ActiveCfg = Debug|Any CPU
		{DE6B7523-29A1-414A-BBC2-126DE499015D}.AppStore|x86.Build.0 = Debug|Any CPU
		{DE6B7523-29A1-414A-BBC2-126DE499015D}.Debug|Any CPU.ActiveCfg = Debug|Any CPU
		{DE6B7523-29A1-414A-BBC2-126DE499015D}.Debug|Any CPU.Build.0 = Debug|Any CPU
		{DE6B7523-29A1-414A-BBC2-126DE499015D}.Debug|ARM.ActiveCfg = Debug|Any CPU
		{DE6B7523-29A1-414A-BBC2-126DE499015D}.Debug|ARM.Build.0 = Debug|Any CPU
		{DE6B7523-29A1-414A-BBC2-126DE499015D}.Debug|iPhone.ActiveCfg = Debug|Any CPU
		{DE6B7523-29A1-414A-BBC2-126DE499015D}.Debug|iPhone.Build.0 = Debug|Any CPU
		{DE6B7523-29A1-414A-BBC2-126DE499015D}.Debug|iPhoneSimulator.ActiveCfg = Debug|Any CPU
		{DE6B7523-29A1-414A-BBC2-126DE499015D}.Debug|iPhoneSimulator.Build.0 = Debug|Any CPU
		{DE6B7523-29A1-414A-BBC2-126DE499015D}.Debug|x64.ActiveCfg = Debug|Any CPU
		{DE6B7523-29A1-414A-BBC2-126DE499015D}.Debug|x64.Build.0 = Debug|Any CPU
		{DE6B7523-29A1-414A-BBC2-126DE499015D}.Debug|x86.ActiveCfg = Debug|Any CPU
		{DE6B7523-29A1-414A-BBC2-126DE499015D}.Debug|x86.Build.0 = Debug|Any CPU
		{DE6B7523-29A1-414A-BBC2-126DE499015D}.Release|Any CPU.ActiveCfg = Release|Any CPU
		{DE6B7523-29A1-414A-BBC2-126DE499015D}.Release|Any CPU.Build.0 = Release|Any CPU
		{DE6B7523-29A1-414A-BBC2-126DE499015D}.Release|ARM.ActiveCfg = Release|Any CPU
		{DE6B7523-29A1-414A-BBC2-126DE499015D}.Release|ARM.Build.0 = Release|Any CPU
		{DE6B7523-29A1-414A-BBC2-126DE499015D}.Release|iPhone.ActiveCfg = Release|Any CPU
		{DE6B7523-29A1-414A-BBC2-126DE499015D}.Release|iPhone.Build.0 = Release|Any CPU
		{DE6B7523-29A1-414A-BBC2-126DE499015D}.Release|iPhoneSimulator.ActiveCfg = Release|Any CPU
		{DE6B7523-29A1-414A-BBC2-126DE499015D}.Release|iPhoneSimulator.Build.0 = Release|Any CPU
		{DE6B7523-29A1-414A-BBC2-126DE499015D}.Release|x64.ActiveCfg = Release|Any CPU
		{DE6B7523-29A1-414A-BBC2-126DE499015D}.Release|x64.Build.0 = Release|Any CPU
		{DE6B7523-29A1-414A-BBC2-126DE499015D}.Release|x86.ActiveCfg = Release|Any CPU
		{DE6B7523-29A1-414A-BBC2-126DE499015D}.Release|x86.Build.0 = Release|Any CPU
		{9A15B0B4-2557-4695-9F2A-10BE4CCDB4FC}.Ad-Hoc|Any CPU.ActiveCfg = Release|Any CPU
		{9A15B0B4-2557-4695-9F2A-10BE4CCDB4FC}.Ad-Hoc|Any CPU.Build.0 = Release|Any CPU
		{9A15B0B4-2557-4695-9F2A-10BE4CCDB4FC}.Ad-Hoc|Any CPU.Deploy.0 = Release|Any CPU
		{9A15B0B4-2557-4695-9F2A-10BE4CCDB4FC}.Ad-Hoc|ARM.ActiveCfg = Release|Any CPU
		{9A15B0B4-2557-4695-9F2A-10BE4CCDB4FC}.Ad-Hoc|ARM.Build.0 = Release|Any CPU
		{9A15B0B4-2557-4695-9F2A-10BE4CCDB4FC}.Ad-Hoc|ARM.Deploy.0 = Release|Any CPU
		{9A15B0B4-2557-4695-9F2A-10BE4CCDB4FC}.Ad-Hoc|iPhone.ActiveCfg = Release|Any CPU
		{9A15B0B4-2557-4695-9F2A-10BE4CCDB4FC}.Ad-Hoc|iPhone.Build.0 = Release|Any CPU
		{9A15B0B4-2557-4695-9F2A-10BE4CCDB4FC}.Ad-Hoc|iPhone.Deploy.0 = Release|Any CPU
		{9A15B0B4-2557-4695-9F2A-10BE4CCDB4FC}.Ad-Hoc|iPhoneSimulator.ActiveCfg = Release|Any CPU
		{9A15B0B4-2557-4695-9F2A-10BE4CCDB4FC}.Ad-Hoc|iPhoneSimulator.Build.0 = Release|Any CPU
		{9A15B0B4-2557-4695-9F2A-10BE4CCDB4FC}.Ad-Hoc|iPhoneSimulator.Deploy.0 = Release|Any CPU
		{9A15B0B4-2557-4695-9F2A-10BE4CCDB4FC}.Ad-Hoc|x64.ActiveCfg = Release|Any CPU
		{9A15B0B4-2557-4695-9F2A-10BE4CCDB4FC}.Ad-Hoc|x64.Build.0 = Release|Any CPU
		{9A15B0B4-2557-4695-9F2A-10BE4CCDB4FC}.Ad-Hoc|x64.Deploy.0 = Release|Any CPU
		{9A15B0B4-2557-4695-9F2A-10BE4CCDB4FC}.Ad-Hoc|x86.ActiveCfg = Release|Any CPU
		{9A15B0B4-2557-4695-9F2A-10BE4CCDB4FC}.Ad-Hoc|x86.Build.0 = Release|Any CPU
		{9A15B0B4-2557-4695-9F2A-10BE4CCDB4FC}.Ad-Hoc|x86.Deploy.0 = Release|Any CPU
		{9A15B0B4-2557-4695-9F2A-10BE4CCDB4FC}.AppStore|Any CPU.ActiveCfg = Release|Any CPU
		{9A15B0B4-2557-4695-9F2A-10BE4CCDB4FC}.AppStore|Any CPU.Build.0 = Release|Any CPU
		{9A15B0B4-2557-4695-9F2A-10BE4CCDB4FC}.AppStore|Any CPU.Deploy.0 = Release|Any CPU
		{9A15B0B4-2557-4695-9F2A-10BE4CCDB4FC}.AppStore|ARM.ActiveCfg = Release|Any CPU
		{9A15B0B4-2557-4695-9F2A-10BE4CCDB4FC}.AppStore|ARM.Build.0 = Release|Any CPU
		{9A15B0B4-2557-4695-9F2A-10BE4CCDB4FC}.AppStore|ARM.Deploy.0 = Release|Any CPU
		{9A15B0B4-2557-4695-9F2A-10BE4CCDB4FC}.AppStore|iPhone.ActiveCfg = Release|Any CPU
		{9A15B0B4-2557-4695-9F2A-10BE4CCDB4FC}.AppStore|iPhone.Build.0 = Release|Any CPU
		{9A15B0B4-2557-4695-9F2A-10BE4CCDB4FC}.AppStore|iPhone.Deploy.0 = Release|Any CPU
		{9A15B0B4-2557-4695-9F2A-10BE4CCDB4FC}.AppStore|iPhoneSimulator.ActiveCfg = Release|Any CPU
		{9A15B0B4-2557-4695-9F2A-10BE4CCDB4FC}.AppStore|iPhoneSimulator.Build.0 = Release|Any CPU
		{9A15B0B4-2557-4695-9F2A-10BE4CCDB4FC}.AppStore|iPhoneSimulator.Deploy.0 = Release|Any CPU
		{9A15B0B4-2557-4695-9F2A-10BE4CCDB4FC}.AppStore|x64.ActiveCfg = Release|Any CPU
		{9A15B0B4-2557-4695-9F2A-10BE4CCDB4FC}.AppStore|x64.Build.0 = Release|Any CPU
		{9A15B0B4-2557-4695-9F2A-10BE4CCDB4FC}.AppStore|x64.Deploy.0 = Release|Any CPU
		{9A15B0B4-2557-4695-9F2A-10BE4CCDB4FC}.AppStore|x86.ActiveCfg = Release|Any CPU
		{9A15B0B4-2557-4695-9F2A-10BE4CCDB4FC}.AppStore|x86.Build.0 = Release|Any CPU
		{9A15B0B4-2557-4695-9F2A-10BE4CCDB4FC}.AppStore|x86.Deploy.0 = Release|Any CPU
		{9A15B0B4-2557-4695-9F2A-10BE4CCDB4FC}.Debug|Any CPU.ActiveCfg = Debug|Any CPU
		{9A15B0B4-2557-4695-9F2A-10BE4CCDB4FC}.Debug|Any CPU.Build.0 = Debug|Any CPU
		{9A15B0B4-2557-4695-9F2A-10BE4CCDB4FC}.Debug|Any CPU.Deploy.0 = Debug|Any CPU
		{9A15B0B4-2557-4695-9F2A-10BE4CCDB4FC}.Debug|ARM.ActiveCfg = Debug|Any CPU
		{9A15B0B4-2557-4695-9F2A-10BE4CCDB4FC}.Debug|ARM.Build.0 = Debug|Any CPU
		{9A15B0B4-2557-4695-9F2A-10BE4CCDB4FC}.Debug|ARM.Deploy.0 = Debug|Any CPU
		{9A15B0B4-2557-4695-9F2A-10BE4CCDB4FC}.Debug|iPhone.ActiveCfg = Debug|Any CPU
		{9A15B0B4-2557-4695-9F2A-10BE4CCDB4FC}.Debug|iPhone.Build.0 = Debug|Any CPU
		{9A15B0B4-2557-4695-9F2A-10BE4CCDB4FC}.Debug|iPhone.Deploy.0 = Debug|Any CPU
		{9A15B0B4-2557-4695-9F2A-10BE4CCDB4FC}.Debug|iPhoneSimulator.ActiveCfg = Debug|Any CPU
		{9A15B0B4-2557-4695-9F2A-10BE4CCDB4FC}.Debug|iPhoneSimulator.Build.0 = Debug|Any CPU
		{9A15B0B4-2557-4695-9F2A-10BE4CCDB4FC}.Debug|iPhoneSimulator.Deploy.0 = Debug|Any CPU
		{9A15B0B4-2557-4695-9F2A-10BE4CCDB4FC}.Debug|x64.ActiveCfg = Debug|Any CPU
		{9A15B0B4-2557-4695-9F2A-10BE4CCDB4FC}.Debug|x64.Build.0 = Debug|Any CPU
		{9A15B0B4-2557-4695-9F2A-10BE4CCDB4FC}.Debug|x64.Deploy.0 = Debug|Any CPU
		{9A15B0B4-2557-4695-9F2A-10BE4CCDB4FC}.Debug|x86.ActiveCfg = Debug|Any CPU
		{9A15B0B4-2557-4695-9F2A-10BE4CCDB4FC}.Debug|x86.Build.0 = Debug|Any CPU
		{9A15B0B4-2557-4695-9F2A-10BE4CCDB4FC}.Debug|x86.Deploy.0 = Debug|Any CPU
		{9A15B0B4-2557-4695-9F2A-10BE4CCDB4FC}.Release|Any CPU.ActiveCfg = Release|Any CPU
		{9A15B0B4-2557-4695-9F2A-10BE4CCDB4FC}.Release|Any CPU.Build.0 = Release|Any CPU
		{9A15B0B4-2557-4695-9F2A-10BE4CCDB4FC}.Release|Any CPU.Deploy.0 = Release|Any CPU
		{9A15B0B4-2557-4695-9F2A-10BE4CCDB4FC}.Release|ARM.ActiveCfg = Release|Any CPU
		{9A15B0B4-2557-4695-9F2A-10BE4CCDB4FC}.Release|ARM.Build.0 = Release|Any CPU
		{9A15B0B4-2557-4695-9F2A-10BE4CCDB4FC}.Release|ARM.Deploy.0 = Release|Any CPU
		{9A15B0B4-2557-4695-9F2A-10BE4CCDB4FC}.Release|iPhone.ActiveCfg = Release|Any CPU
		{9A15B0B4-2557-4695-9F2A-10BE4CCDB4FC}.Release|iPhone.Build.0 = Release|Any CPU
		{9A15B0B4-2557-4695-9F2A-10BE4CCDB4FC}.Release|iPhone.Deploy.0 = Release|Any CPU
		{9A15B0B4-2557-4695-9F2A-10BE4CCDB4FC}.Release|iPhoneSimulator.ActiveCfg = Release|Any CPU
		{9A15B0B4-2557-4695-9F2A-10BE4CCDB4FC}.Release|iPhoneSimulator.Build.0 = Release|Any CPU
		{9A15B0B4-2557-4695-9F2A-10BE4CCDB4FC}.Release|iPhoneSimulator.Deploy.0 = Release|Any CPU
		{9A15B0B4-2557-4695-9F2A-10BE4CCDB4FC}.Release|x64.ActiveCfg = Release|Any CPU
		{9A15B0B4-2557-4695-9F2A-10BE4CCDB4FC}.Release|x64.Build.0 = Release|Any CPU
		{9A15B0B4-2557-4695-9F2A-10BE4CCDB4FC}.Release|x64.Deploy.0 = Release|Any CPU
		{9A15B0B4-2557-4695-9F2A-10BE4CCDB4FC}.Release|x86.ActiveCfg = Release|Any CPU
		{9A15B0B4-2557-4695-9F2A-10BE4CCDB4FC}.Release|x86.Build.0 = Release|Any CPU
		{9A15B0B4-2557-4695-9F2A-10BE4CCDB4FC}.Release|x86.Deploy.0 = Release|Any CPU
		{C8D3AA4D-3AC2-4D31-845E-7AC3A5F1992D}.Ad-Hoc|Any CPU.ActiveCfg = Ad-Hoc|iPhone
		{C8D3AA4D-3AC2-4D31-845E-7AC3A5F1992D}.Ad-Hoc|ARM.ActiveCfg = Ad-Hoc|iPhone
		{C8D3AA4D-3AC2-4D31-845E-7AC3A5F1992D}.Ad-Hoc|iPhone.ActiveCfg = Ad-Hoc|iPhone
		{C8D3AA4D-3AC2-4D31-845E-7AC3A5F1992D}.Ad-Hoc|iPhone.Build.0 = Ad-Hoc|iPhone
		{C8D3AA4D-3AC2-4D31-845E-7AC3A5F1992D}.Ad-Hoc|iPhoneSimulator.ActiveCfg = Ad-Hoc|iPhoneSimulator
		{C8D3AA4D-3AC2-4D31-845E-7AC3A5F1992D}.Ad-Hoc|iPhoneSimulator.Build.0 = Ad-Hoc|iPhoneSimulator
		{C8D3AA4D-3AC2-4D31-845E-7AC3A5F1992D}.Ad-Hoc|x64.ActiveCfg = Ad-Hoc|iPhone
		{C8D3AA4D-3AC2-4D31-845E-7AC3A5F1992D}.Ad-Hoc|x86.ActiveCfg = Ad-Hoc|iPhone
		{C8D3AA4D-3AC2-4D31-845E-7AC3A5F1992D}.AppStore|Any CPU.ActiveCfg = AppStore|iPhone
		{C8D3AA4D-3AC2-4D31-845E-7AC3A5F1992D}.AppStore|ARM.ActiveCfg = AppStore|iPhone
		{C8D3AA4D-3AC2-4D31-845E-7AC3A5F1992D}.AppStore|iPhone.ActiveCfg = AppStore|iPhone
		{C8D3AA4D-3AC2-4D31-845E-7AC3A5F1992D}.AppStore|iPhone.Build.0 = AppStore|iPhone
		{C8D3AA4D-3AC2-4D31-845E-7AC3A5F1992D}.AppStore|iPhoneSimulator.ActiveCfg = AppStore|iPhoneSimulator
		{C8D3AA4D-3AC2-4D31-845E-7AC3A5F1992D}.AppStore|iPhoneSimulator.Build.0 = AppStore|iPhoneSimulator
		{C8D3AA4D-3AC2-4D31-845E-7AC3A5F1992D}.AppStore|x64.ActiveCfg = AppStore|iPhone
		{C8D3AA4D-3AC2-4D31-845E-7AC3A5F1992D}.AppStore|x86.ActiveCfg = AppStore|iPhone
		{C8D3AA4D-3AC2-4D31-845E-7AC3A5F1992D}.Debug|Any CPU.ActiveCfg = Debug|iPhone
		{C8D3AA4D-3AC2-4D31-845E-7AC3A5F1992D}.Debug|ARM.ActiveCfg = Debug|iPhone
		{C8D3AA4D-3AC2-4D31-845E-7AC3A5F1992D}.Debug|iPhone.ActiveCfg = Debug|iPhone
		{C8D3AA4D-3AC2-4D31-845E-7AC3A5F1992D}.Debug|iPhone.Build.0 = Debug|iPhone
		{C8D3AA4D-3AC2-4D31-845E-7AC3A5F1992D}.Debug|iPhoneSimulator.ActiveCfg = Debug|iPhoneSimulator
		{C8D3AA4D-3AC2-4D31-845E-7AC3A5F1992D}.Debug|iPhoneSimulator.Build.0 = Debug|iPhoneSimulator
		{C8D3AA4D-3AC2-4D31-845E-7AC3A5F1992D}.Debug|x64.ActiveCfg = Debug|iPhone
		{C8D3AA4D-3AC2-4D31-845E-7AC3A5F1992D}.Debug|x86.ActiveCfg = Debug|iPhone
		{C8D3AA4D-3AC2-4D31-845E-7AC3A5F1992D}.Release|Any CPU.ActiveCfg = Release|iPhone
		{C8D3AA4D-3AC2-4D31-845E-7AC3A5F1992D}.Release|ARM.ActiveCfg = Release|iPhone
		{C8D3AA4D-3AC2-4D31-845E-7AC3A5F1992D}.Release|iPhone.ActiveCfg = Release|iPhone
		{C8D3AA4D-3AC2-4D31-845E-7AC3A5F1992D}.Release|iPhone.Build.0 = Release|iPhone
		{C8D3AA4D-3AC2-4D31-845E-7AC3A5F1992D}.Release|iPhoneSimulator.ActiveCfg = Release|iPhoneSimulator
		{C8D3AA4D-3AC2-4D31-845E-7AC3A5F1992D}.Release|iPhoneSimulator.Build.0 = Release|iPhoneSimulator
		{C8D3AA4D-3AC2-4D31-845E-7AC3A5F1992D}.Release|x64.ActiveCfg = Release|iPhone
		{C8D3AA4D-3AC2-4D31-845E-7AC3A5F1992D}.Release|x86.ActiveCfg = Release|iPhone
		{12FAF704-9EC2-468C-AFE6-50BCE951ABB8}.Ad-Hoc|Any CPU.ActiveCfg = Release|x86
		{12FAF704-9EC2-468C-AFE6-50BCE951ABB8}.Ad-Hoc|Any CPU.Build.0 = Release|x86
		{12FAF704-9EC2-468C-AFE6-50BCE951ABB8}.Ad-Hoc|Any CPU.Deploy.0 = Release|x86
		{12FAF704-9EC2-468C-AFE6-50BCE951ABB8}.Ad-Hoc|ARM.ActiveCfg = Release|ARM
		{12FAF704-9EC2-468C-AFE6-50BCE951ABB8}.Ad-Hoc|ARM.Build.0 = Release|ARM
		{12FAF704-9EC2-468C-AFE6-50BCE951ABB8}.Ad-Hoc|ARM.Deploy.0 = Release|ARM
		{12FAF704-9EC2-468C-AFE6-50BCE951ABB8}.Ad-Hoc|iPhone.ActiveCfg = Release|x86
		{12FAF704-9EC2-468C-AFE6-50BCE951ABB8}.Ad-Hoc|iPhone.Build.0 = Release|x86
		{12FAF704-9EC2-468C-AFE6-50BCE951ABB8}.Ad-Hoc|iPhone.Deploy.0 = Release|x86
		{12FAF704-9EC2-468C-AFE6-50BCE951ABB8}.Ad-Hoc|iPhoneSimulator.ActiveCfg = Release|x86
		{12FAF704-9EC2-468C-AFE6-50BCE951ABB8}.Ad-Hoc|iPhoneSimulator.Build.0 = Release|x86
		{12FAF704-9EC2-468C-AFE6-50BCE951ABB8}.Ad-Hoc|iPhoneSimulator.Deploy.0 = Release|x86
		{12FAF704-9EC2-468C-AFE6-50BCE951ABB8}.Ad-Hoc|x64.ActiveCfg = Release|x64
		{12FAF704-9EC2-468C-AFE6-50BCE951ABB8}.Ad-Hoc|x64.Build.0 = Release|x64
		{12FAF704-9EC2-468C-AFE6-50BCE951ABB8}.Ad-Hoc|x64.Deploy.0 = Release|x64
		{12FAF704-9EC2-468C-AFE6-50BCE951ABB8}.Ad-Hoc|x86.ActiveCfg = Release|x86
		{12FAF704-9EC2-468C-AFE6-50BCE951ABB8}.Ad-Hoc|x86.Build.0 = Release|x86
		{12FAF704-9EC2-468C-AFE6-50BCE951ABB8}.Ad-Hoc|x86.Deploy.0 = Release|x86
		{12FAF704-9EC2-468C-AFE6-50BCE951ABB8}.AppStore|Any CPU.ActiveCfg = Release|x86
		{12FAF704-9EC2-468C-AFE6-50BCE951ABB8}.AppStore|Any CPU.Build.0 = Release|x86
		{12FAF704-9EC2-468C-AFE6-50BCE951ABB8}.AppStore|Any CPU.Deploy.0 = Release|x86
		{12FAF704-9EC2-468C-AFE6-50BCE951ABB8}.AppStore|ARM.ActiveCfg = Release|ARM
		{12FAF704-9EC2-468C-AFE6-50BCE951ABB8}.AppStore|ARM.Build.0 = Release|ARM
		{12FAF704-9EC2-468C-AFE6-50BCE951ABB8}.AppStore|ARM.Deploy.0 = Release|ARM
		{12FAF704-9EC2-468C-AFE6-50BCE951ABB8}.AppStore|iPhone.ActiveCfg = Release|x86
		{12FAF704-9EC2-468C-AFE6-50BCE951ABB8}.AppStore|iPhone.Build.0 = Release|x86
		{12FAF704-9EC2-468C-AFE6-50BCE951ABB8}.AppStore|iPhone.Deploy.0 = Release|x86
		{12FAF704-9EC2-468C-AFE6-50BCE951ABB8}.AppStore|iPhoneSimulator.ActiveCfg = Release|x86
		{12FAF704-9EC2-468C-AFE6-50BCE951ABB8}.AppStore|iPhoneSimulator.Build.0 = Release|x86
		{12FAF704-9EC2-468C-AFE6-50BCE951ABB8}.AppStore|iPhoneSimulator.Deploy.0 = Release|x86
		{12FAF704-9EC2-468C-AFE6-50BCE951ABB8}.AppStore|x64.ActiveCfg = Release|x64
		{12FAF704-9EC2-468C-AFE6-50BCE951ABB8}.AppStore|x64.Build.0 = Release|x64
		{12FAF704-9EC2-468C-AFE6-50BCE951ABB8}.AppStore|x64.Deploy.0 = Release|x64
		{12FAF704-9EC2-468C-AFE6-50BCE951ABB8}.AppStore|x86.ActiveCfg = Release|x86
		{12FAF704-9EC2-468C-AFE6-50BCE951ABB8}.AppStore|x86.Build.0 = Release|x86
		{12FAF704-9EC2-468C-AFE6-50BCE951ABB8}.AppStore|x86.Deploy.0 = Release|x86
		{12FAF704-9EC2-468C-AFE6-50BCE951ABB8}.Debug|Any CPU.ActiveCfg = Debug|x86
		{12FAF704-9EC2-468C-AFE6-50BCE951ABB8}.Debug|ARM.ActiveCfg = Debug|ARM
		{12FAF704-9EC2-468C-AFE6-50BCE951ABB8}.Debug|ARM.Build.0 = Debug|ARM
		{12FAF704-9EC2-468C-AFE6-50BCE951ABB8}.Debug|ARM.Deploy.0 = Debug|ARM
		{12FAF704-9EC2-468C-AFE6-50BCE951ABB8}.Debug|iPhone.ActiveCfg = Debug|x86
		{12FAF704-9EC2-468C-AFE6-50BCE951ABB8}.Debug|iPhoneSimulator.ActiveCfg = Debug|x86
		{12FAF704-9EC2-468C-AFE6-50BCE951ABB8}.Debug|x64.ActiveCfg = Debug|x64
		{12FAF704-9EC2-468C-AFE6-50BCE951ABB8}.Debug|x64.Build.0 = Debug|x64
		{12FAF704-9EC2-468C-AFE6-50BCE951ABB8}.Debug|x64.Deploy.0 = Debug|x64
		{12FAF704-9EC2-468C-AFE6-50BCE951ABB8}.Debug|x86.ActiveCfg = Debug|x86
		{12FAF704-9EC2-468C-AFE6-50BCE951ABB8}.Debug|x86.Build.0 = Debug|x86
		{12FAF704-9EC2-468C-AFE6-50BCE951ABB8}.Debug|x86.Deploy.0 = Debug|x86
		{12FAF704-9EC2-468C-AFE6-50BCE951ABB8}.Release|Any CPU.ActiveCfg = Release|x86
		{12FAF704-9EC2-468C-AFE6-50BCE951ABB8}.Release|ARM.ActiveCfg = Release|ARM
		{12FAF704-9EC2-468C-AFE6-50BCE951ABB8}.Release|ARM.Build.0 = Release|ARM
		{12FAF704-9EC2-468C-AFE6-50BCE951ABB8}.Release|ARM.Deploy.0 = Release|ARM
		{12FAF704-9EC2-468C-AFE6-50BCE951ABB8}.Release|iPhone.ActiveCfg = Release|x86
		{12FAF704-9EC2-468C-AFE6-50BCE951ABB8}.Release|iPhoneSimulator.ActiveCfg = Release|x86
		{12FAF704-9EC2-468C-AFE6-50BCE951ABB8}.Release|x64.ActiveCfg = Release|x64
		{12FAF704-9EC2-468C-AFE6-50BCE951ABB8}.Release|x64.Build.0 = Release|x64
		{12FAF704-9EC2-468C-AFE6-50BCE951ABB8}.Release|x64.Deploy.0 = Release|x64
		{12FAF704-9EC2-468C-AFE6-50BCE951ABB8}.Release|x86.ActiveCfg = Release|x86
		{12FAF704-9EC2-468C-AFE6-50BCE951ABB8}.Release|x86.Build.0 = Release|x86
		{12FAF704-9EC2-468C-AFE6-50BCE951ABB8}.Release|x86.Deploy.0 = Release|x86
	EndGlobalSection
	GlobalSection(SolutionProperties) = preSolution
		HideSolutionNode = FALSE
	EndGlobalSection
	GlobalSection(NestedProjects) = preSolution
		{5ABD947B-3ED7-4486-8555-2BB269365563} = {0AE85E45-7A38-48E9-BE00-7620693995A5}
		{BF5449BE-69AF-4228-B716-293F466EC572} = {CE89FB2A-DB66-40BB-A344-92823863F868}
		{236F612A-A06B-433D-A111-BF8393202892} = {0AE85E45-7A38-48E9-BE00-7620693995A5}
		{5BBE776B-6307-49A0-A7CC-B06085BA9DF6} = {0AE85E45-7A38-48E9-BE00-7620693995A5}
		{DE6B7523-29A1-414A-BBC2-126DE499015D} = {CE89FB2A-DB66-40BB-A344-92823863F868}
		{D059A862-6DD4-4BD9-97E8-629950D172E8} = {0AE85E45-7A38-48E9-BE00-7620693995A5}
		{9A15B0B4-2557-4695-9F2A-10BE4CCDB4FC} = {D059A862-6DD4-4BD9-97E8-629950D172E8}
	EndGlobalSection
	GlobalSection(ExtensibilityGlobals) = postSolution
		SolutionGuid = {023C9D73-4ED2-4DB5-98B8-A6B0DB76632E}
	EndGlobalSection
EndGlobal
