
Microsoft Visual Studio Solution File, Format Version 12.00
# Visual Studio 15
VisualStudioVersion = 15.0.26124.0
MinimumVisualStudioVersion = 15.0.26124.0
Project("{2150E333-8FDC-42A3-9474-1A3956D46DE8}") = "Tests", "Tests", "{0AE85E45-7A38-48E9-BE00-7620693995A5}"
EndProject
Project("{9A19103F-16F7-4668-BE54-9A1E7A4F7556}") = "TestWebApi", "TestWebApi\TestWebApi.csproj", "{5ABD947B-3ED7-4486-8555-2BB269365563}"
EndProject
Project("{2150E333-8FDC-42A3-9474-1A3956D46DE8}") = "Nugets", "Nugets", "{CE89FB2A-DB66-40BB-A344-92823863F868}"
EndProject
Project("{9A19103F-16F7-4668-BE54-9A1E7A4F7556}") = "NetCore.Apis.Consumer", "NetCore.Apis.Consumer\NetCore.Apis.Consumer.csproj", "{BF5449BE-69AF-4228-B716-293F466EC572}"
EndProject
Project("{9A19103F-16F7-4668-BE54-9A1E7A4F7556}") = "NetCore.Apis.Consumer.Test", "NetCore.Apis.Consumer.Test\NetCore.Apis.Consumer.Test.csproj", "{236F612A-A06B-433D-A111-BF8393202892}"
EndProject
Project("{9A19103F-16F7-4668-BE54-9A1E7A4F7556}") = "Constants", "Constants\Constants.csproj", "{23952A42-D4D6-4974-A5FC-8BCCB9D912AB}"
EndProject
Project("{9A19103F-16F7-4668-BE54-9A1E7A4F7556}") = "Models", "Models\Models.csproj", "{5BBE776B-6307-49A0-A7CC-B06085BA9DF6}"
EndProject
Project("{9A19103F-16F7-4668-BE54-9A1E7A4F7556}") = "NetCore.Apis.Client.UI", "NetCore.Apis.Client.UI\NetCore.Apis.Client.UI.csproj", "{DE6B7523-29A1-414A-BBC2-126DE499015D}"
EndProject
Project("{2150E333-8FDC-42A3-9474-1A3956D46DE8}") = "Xamarin using UI", "Xamarin using UI", "{D059A862-6DD4-4BD9-97E8-629950D172E8}"
EndProject
Project("{FAE04EC0-301F-11D3-BF4B-00C04F79EFBC}") = "MobileUI.Android", "MobileUI\MobileUI.Android\MobileUI.Android.csproj", "{DC3DAE17-873E-4687-9D71-33E270C5D668}"
EndProject
Project("{FAE04EC0-301F-11D3-BF4B-00C04F79EFBC}") = "MobileUI.iOS", "MobileUI\MobileUI.iOS\MobileUI.iOS.csproj", "{8C741C9D-B788-4BA2-A92F-F9FEE43064F8}"
EndProject
Project("{FAE04EC0-301F-11D3-BF4B-00C04F79EFBC}") = "MobileUI.UWP", "MobileUI\MobileUI.UWP\MobileUI.UWP.csproj", "{CA0319D4-9E71-4C85-9D69-3C8D9680E562}"
EndProject
Project("{9A19103F-16F7-4668-BE54-9A1E7A4F7556}") = "MobileUI", "MobileUI\MobileUI\MobileUI.csproj", "{71399511-D628-4E35-BCC7-423AD041E74B}"
EndProject
Project("{9A19103F-16F7-4668-BE54-9A1E7A4F7556}") = "NetCore.Apis.XamarinForms", "NetCore.Apis.XamarinForms\NetCore.Apis.XamarinForms.csproj", "{AF0D7DBB-0A17-42E2-9E50-7AA09555A01E}"
EndProject
Project("{2150E333-8FDC-42A3-9474-1A3956D46DE8}") = "Xamarin using Forms", "Xamarin using Forms", "{A1869D92-DC5A-4D42-AAFA-0D7E64BB43BD}"
EndProject
Project("{2150E333-8FDC-42A3-9474-1A3956D46DE8}") = "Common", "Common", "{C2E69A13-11A0-41CF-832C-2B6097B3BF94}"
EndProject
Project("{9A19103F-16F7-4668-BE54-9A1E7A4F7556}") = "Access", "Access\Access.csproj", "{9FAB181F-CF7D-4DF7-81CE-EEC1AF4F49F0}"
EndProject
Project("{FAE04EC0-301F-11D3-BF4B-00C04F79EFBC}") = "XamarinTest.Android", "XamarinTest\XamarinTest.Android\XamarinTest.Android.csproj", "{FFE846A2-D0AF-4D30-81D9-3CBB3C1022C0}"
EndProject
Project("{FAE04EC0-301F-11D3-BF4B-00C04F79EFBC}") = "XamarinTest.iOS", "XamarinTest\XamarinTest.iOS\XamarinTest.iOS.csproj", "{531CF8F0-CF45-4E80-B613-81DBCDFDD530}"
EndProject
Project("{FAE04EC0-301F-11D3-BF4B-00C04F79EFBC}") = "XamarinTest.UWP", "XamarinTest\XamarinTest.UWP\XamarinTest.UWP.csproj", "{DC11B536-03D6-4F2F-A5B0-375FF78B11D1}"
EndProject
Project("{9A19103F-16F7-4668-BE54-9A1E7A4F7556}") = "XamarinTest", "XamarinTest\XamarinTest\XamarinTest.csproj", "{DE4C6D60-17AE-42DA-BA9C-A7A48EB74779}"
EndProject
Global
	GlobalSection(SolutionConfigurationPlatforms) = preSolution
		Ad-Hoc|Any CPU = Ad-Hoc|Any CPU
		Ad-Hoc|ARM = Ad-Hoc|ARM
		Ad-Hoc|iPhone = Ad-Hoc|iPhone
		Ad-Hoc|iPhoneSimulator = Ad-Hoc|iPhoneSimulator
		Ad-Hoc|x64 = Ad-Hoc|x64
		Ad-Hoc|x86 = Ad-Hoc|x86
		AppStore|Any CPU = AppStore|Any CPU
		AppStore|ARM = AppStore|ARM
		AppStore|iPhone = AppStore|iPhone
		AppStore|iPhoneSimulator = AppStore|iPhoneSimulator
		AppStore|x64 = AppStore|x64
		AppStore|x86 = AppStore|x86
		Debug|Any CPU = Debug|Any CPU
		Debug|ARM = Debug|ARM
		Debug|iPhone = Debug|iPhone
		Debug|iPhoneSimulator = Debug|iPhoneSimulator
		Debug|x64 = Debug|x64
		Debug|x86 = Debug|x86
		Release|Any CPU = Release|Any CPU
		Release|ARM = Release|ARM
		Release|iPhone = Release|iPhone
		Release|iPhoneSimulator = Release|iPhoneSimulator
		Release|x64 = Release|x64
		Release|x86 = Release|x86
	EndGlobalSection
	GlobalSection(ProjectConfigurationPlatforms) = postSolution
		{5ABD947B-3ED7-4486-8555-2BB269365563}.Ad-Hoc|Any CPU.ActiveCfg = Release|Any CPU
		{5ABD947B-3ED7-4486-8555-2BB269365563}.Ad-Hoc|Any CPU.Build.0 = Release|Any CPU
		{5ABD947B-3ED7-4486-8555-2BB269365563}.Ad-Hoc|ARM.ActiveCfg = Release|Any CPU
		{5ABD947B-3ED7-4486-8555-2BB269365563}.Ad-Hoc|ARM.Build.0 = Release|Any CPU
		{5ABD947B-3ED7-4486-8555-2BB269365563}.Ad-Hoc|iPhone.ActiveCfg = Release|Any CPU
		{5ABD947B-3ED7-4486-8555-2BB269365563}.Ad-Hoc|iPhone.Build.0 = Release|Any CPU
		{5ABD947B-3ED7-4486-8555-2BB269365563}.Ad-Hoc|iPhoneSimulator.ActiveCfg = Release|Any CPU
		{5ABD947B-3ED7-4486-8555-2BB269365563}.Ad-Hoc|iPhoneSimulator.Build.0 = Release|Any CPU
		{5ABD947B-3ED7-4486-8555-2BB269365563}.Ad-Hoc|x64.ActiveCfg = Release|Any CPU
		{5ABD947B-3ED7-4486-8555-2BB269365563}.Ad-Hoc|x64.Build.0 = Release|Any CPU
		{5ABD947B-3ED7-4486-8555-2BB269365563}.Ad-Hoc|x86.ActiveCfg = Release|Any CPU
		{5ABD947B-3ED7-4486-8555-2BB269365563}.Ad-Hoc|x86.Build.0 = Release|Any CPU
		{5ABD947B-3ED7-4486-8555-2BB269365563}.AppStore|Any CPU.ActiveCfg = Release|Any CPU
		{5ABD947B-3ED7-4486-8555-2BB269365563}.AppStore|Any CPU.Build.0 = Release|Any CPU
		{5ABD947B-3ED7-4486-8555-2BB269365563}.AppStore|ARM.ActiveCfg = Release|Any CPU
		{5ABD947B-3ED7-4486-8555-2BB269365563}.AppStore|ARM.Build.0 = Release|Any CPU
		{5ABD947B-3ED7-4486-8555-2BB269365563}.AppStore|iPhone.ActiveCfg = Release|Any CPU
		{5ABD947B-3ED7-4486-8555-2BB269365563}.AppStore|iPhone.Build.0 = Release|Any CPU
		{5ABD947B-3ED7-4486-8555-2BB269365563}.AppStore|iPhoneSimulator.ActiveCfg = Release|Any CPU
		{5ABD947B-3ED7-4486-8555-2BB269365563}.AppStore|iPhoneSimulator.Build.0 = Release|Any CPU
		{5ABD947B-3ED7-4486-8555-2BB269365563}.AppStore|x64.ActiveCfg = Release|Any CPU
		{5ABD947B-3ED7-4486-8555-2BB269365563}.AppStore|x64.Build.0 = Release|Any CPU
		{5ABD947B-3ED7-4486-8555-2BB269365563}.AppStore|x86.ActiveCfg = Release|Any CPU
		{5ABD947B-3ED7-4486-8555-2BB269365563}.AppStore|x86.Build.0 = Release|Any CPU
		{5ABD947B-3ED7-4486-8555-2BB269365563}.Debug|Any CPU.ActiveCfg = Debug|Any CPU
		{5ABD947B-3ED7-4486-8555-2BB269365563}.Debug|Any CPU.Build.0 = Debug|Any CPU
		{5ABD947B-3ED7-4486-8555-2BB269365563}.Debug|ARM.ActiveCfg = Debug|Any CPU
		{5ABD947B-3ED7-4486-8555-2BB269365563}.Debug|ARM.Build.0 = Debug|Any CPU
		{5ABD947B-3ED7-4486-8555-2BB269365563}.Debug|iPhone.ActiveCfg = Debug|Any CPU
		{5ABD947B-3ED7-4486-8555-2BB269365563}.Debug|iPhone.Build.0 = Debug|Any CPU
		{5ABD947B-3ED7-4486-8555-2BB269365563}.Debug|iPhoneSimulator.ActiveCfg = Debug|Any CPU
		{5ABD947B-3ED7-4486-8555-2BB269365563}.Debug|iPhoneSimulator.Build.0 = Debug|Any CPU
		{5ABD947B-3ED7-4486-8555-2BB269365563}.Debug|x64.ActiveCfg = Debug|Any CPU
		{5ABD947B-3ED7-4486-8555-2BB269365563}.Debug|x64.Build.0 = Debug|Any CPU
		{5ABD947B-3ED7-4486-8555-2BB269365563}.Debug|x86.ActiveCfg = Debug|Any CPU
		{5ABD947B-3ED7-4486-8555-2BB269365563}.Debug|x86.Build.0 = Debug|Any CPU
		{5ABD947B-3ED7-4486-8555-2BB269365563}.Release|Any CPU.ActiveCfg = Release|Any CPU
		{5ABD947B-3ED7-4486-8555-2BB269365563}.Release|Any CPU.Build.0 = Release|Any CPU
		{5ABD947B-3ED7-4486-8555-2BB269365563}.Release|ARM.ActiveCfg = Release|Any CPU
		{5ABD947B-3ED7-4486-8555-2BB269365563}.Release|ARM.Build.0 = Release|Any CPU
		{5ABD947B-3ED7-4486-8555-2BB269365563}.Release|iPhone.ActiveCfg = Release|Any CPU
		{5ABD947B-3ED7-4486-8555-2BB269365563}.Release|iPhone.Build.0 = Release|Any CPU
		{5ABD947B-3ED7-4486-8555-2BB269365563}.Release|iPhoneSimulator.ActiveCfg = Release|Any CPU
		{5ABD947B-3ED7-4486-8555-2BB269365563}.Release|iPhoneSimulator.Build.0 = Release|Any CPU
		{5ABD947B-3ED7-4486-8555-2BB269365563}.Release|x64.ActiveCfg = Release|Any CPU
		{5ABD947B-3ED7-4486-8555-2BB269365563}.Release|x64.Build.0 = Release|Any CPU
		{5ABD947B-3ED7-4486-8555-2BB269365563}.Release|x86.ActiveCfg = Release|Any CPU
		{5ABD947B-3ED7-4486-8555-2BB269365563}.Release|x86.Build.0 = Release|Any CPU
		{BF5449BE-69AF-4228-B716-293F466EC572}.Ad-Hoc|Any CPU.ActiveCfg = Release|Any CPU
		{BF5449BE-69AF-4228-B716-293F466EC572}.Ad-Hoc|Any CPU.Build.0 = Release|Any CPU
		{BF5449BE-69AF-4228-B716-293F466EC572}.Ad-Hoc|ARM.ActiveCfg = Release|Any CPU
		{BF5449BE-69AF-4228-B716-293F466EC572}.Ad-Hoc|ARM.Build.0 = Release|Any CPU
		{BF5449BE-69AF-4228-B716-293F466EC572}.Ad-Hoc|iPhone.ActiveCfg = Release|Any CPU
		{BF5449BE-69AF-4228-B716-293F466EC572}.Ad-Hoc|iPhone.Build.0 = Release|Any CPU
		{BF5449BE-69AF-4228-B716-293F466EC572}.Ad-Hoc|iPhoneSimulator.ActiveCfg = Release|Any CPU
		{BF5449BE-69AF-4228-B716-293F466EC572}.Ad-Hoc|iPhoneSimulator.Build.0 = Release|Any CPU
		{BF5449BE-69AF-4228-B716-293F466EC572}.Ad-Hoc|x64.ActiveCfg = Release|Any CPU
		{BF5449BE-69AF-4228-B716-293F466EC572}.Ad-Hoc|x64.Build.0 = Release|Any CPU
		{BF5449BE-69AF-4228-B716-293F466EC572}.Ad-Hoc|x86.ActiveCfg = Release|Any CPU
		{BF5449BE-69AF-4228-B716-293F466EC572}.Ad-Hoc|x86.Build.0 = Release|Any CPU
		{BF5449BE-69AF-4228-B716-293F466EC572}.AppStore|Any CPU.ActiveCfg = Release|Any CPU
		{BF5449BE-69AF-4228-B716-293F466EC572}.AppStore|Any CPU.Build.0 = Release|Any CPU
		{BF5449BE-69AF-4228-B716-293F466EC572}.AppStore|ARM.ActiveCfg = Release|Any CPU
		{BF5449BE-69AF-4228-B716-293F466EC572}.AppStore|ARM.Build.0 = Release|Any CPU
		{BF5449BE-69AF-4228-B716-293F466EC572}.AppStore|iPhone.ActiveCfg = Release|Any CPU
		{BF5449BE-69AF-4228-B716-293F466EC572}.AppStore|iPhone.Build.0 = Release|Any CPU
		{BF5449BE-69AF-4228-B716-293F466EC572}.AppStore|iPhoneSimulator.ActiveCfg = Release|Any CPU
		{BF5449BE-69AF-4228-B716-293F466EC572}.AppStore|iPhoneSimulator.Build.0 = Release|Any CPU
		{BF5449BE-69AF-4228-B716-293F466EC572}.AppStore|x64.ActiveCfg = Release|Any CPU
		{BF5449BE-69AF-4228-B716-293F466EC572}.AppStore|x64.Build.0 = Release|Any CPU
		{BF5449BE-69AF-4228-B716-293F466EC572}.AppStore|x86.ActiveCfg = Release|Any CPU
		{BF5449BE-69AF-4228-B716-293F466EC572}.AppStore|x86.Build.0 = Release|Any CPU
		{BF5449BE-69AF-4228-B716-293F466EC572}.Debug|Any CPU.ActiveCfg = Debug|Any CPU
		{BF5449BE-69AF-4228-B716-293F466EC572}.Debug|Any CPU.Build.0 = Debug|Any CPU
		{BF5449BE-69AF-4228-B716-293F466EC572}.Debug|ARM.ActiveCfg = Debug|Any CPU
		{BF5449BE-69AF-4228-B716-293F466EC572}.Debug|ARM.Build.0 = Debug|Any CPU
		{BF5449BE-69AF-4228-B716-293F466EC572}.Debug|iPhone.ActiveCfg = Debug|Any CPU
		{BF5449BE-69AF-4228-B716-293F466EC572}.Debug|iPhone.Build.0 = Debug|Any CPU
		{BF5449BE-69AF-4228-B716-293F466EC572}.Debug|iPhoneSimulator.ActiveCfg = Debug|Any CPU
		{BF5449BE-69AF-4228-B716-293F466EC572}.Debug|iPhoneSimulator.Build.0 = Debug|Any CPU
		{BF5449BE-69AF-4228-B716-293F466EC572}.Debug|x64.ActiveCfg = Debug|Any CPU
		{BF5449BE-69AF-4228-B716-293F466EC572}.Debug|x64.Build.0 = Debug|Any CPU
		{BF5449BE-69AF-4228-B716-293F466EC572}.Debug|x86.ActiveCfg = Debug|Any CPU
		{BF5449BE-69AF-4228-B716-293F466EC572}.Debug|x86.Build.0 = Debug|Any CPU
		{BF5449BE-69AF-4228-B716-293F466EC572}.Release|Any CPU.ActiveCfg = Release|Any CPU
		{BF5449BE-69AF-4228-B716-293F466EC572}.Release|Any CPU.Build.0 = Release|Any CPU
		{BF5449BE-69AF-4228-B716-293F466EC572}.Release|ARM.ActiveCfg = Release|Any CPU
		{BF5449BE-69AF-4228-B716-293F466EC572}.Release|ARM.Build.0 = Release|Any CPU
		{BF5449BE-69AF-4228-B716-293F466EC572}.Release|iPhone.ActiveCfg = Release|Any CPU
		{BF5449BE-69AF-4228-B716-293F466EC572}.Release|iPhone.Build.0 = Release|Any CPU
		{BF5449BE-69AF-4228-B716-293F466EC572}.Release|iPhoneSimulator.ActiveCfg = Release|Any CPU
		{BF5449BE-69AF-4228-B716-293F466EC572}.Release|iPhoneSimulator.Build.0 = Release|Any CPU
		{BF5449BE-69AF-4228-B716-293F466EC572}.Release|x64.ActiveCfg = Release|Any CPU
		{BF5449BE-69AF-4228-B716-293F466EC572}.Release|x64.Build.0 = Release|Any CPU
		{BF5449BE-69AF-4228-B716-293F466EC572}.Release|x86.ActiveCfg = Release|Any CPU
		{BF5449BE-69AF-4228-B716-293F466EC572}.Release|x86.Build.0 = Release|Any CPU
		{236F612A-A06B-433D-A111-BF8393202892}.Ad-Hoc|Any CPU.ActiveCfg = Release|Any CPU
		{236F612A-A06B-433D-A111-BF8393202892}.Ad-Hoc|Any CPU.Build.0 = Release|Any CPU
		{236F612A-A06B-433D-A111-BF8393202892}.Ad-Hoc|ARM.ActiveCfg = Release|Any CPU
		{236F612A-A06B-433D-A111-BF8393202892}.Ad-Hoc|ARM.Build.0 = Release|Any CPU
		{236F612A-A06B-433D-A111-BF8393202892}.Ad-Hoc|iPhone.ActiveCfg = Release|Any CPU
		{236F612A-A06B-433D-A111-BF8393202892}.Ad-Hoc|iPhone.Build.0 = Release|Any CPU
		{236F612A-A06B-433D-A111-BF8393202892}.Ad-Hoc|iPhoneSimulator.ActiveCfg = Release|Any CPU
		{236F612A-A06B-433D-A111-BF8393202892}.Ad-Hoc|iPhoneSimulator.Build.0 = Release|Any CPU
		{236F612A-A06B-433D-A111-BF8393202892}.Ad-Hoc|x64.ActiveCfg = Release|Any CPU
		{236F612A-A06B-433D-A111-BF8393202892}.Ad-Hoc|x64.Build.0 = Release|Any CPU
		{236F612A-A06B-433D-A111-BF8393202892}.Ad-Hoc|x86.ActiveCfg = Release|Any CPU
		{236F612A-A06B-433D-A111-BF8393202892}.Ad-Hoc|x86.Build.0 = Release|Any CPU
		{236F612A-A06B-433D-A111-BF8393202892}.AppStore|Any CPU.ActiveCfg = Release|Any CPU
		{236F612A-A06B-433D-A111-BF8393202892}.AppStore|Any CPU.Build.0 = Release|Any CPU
		{236F612A-A06B-433D-A111-BF8393202892}.AppStore|ARM.ActiveCfg = Release|Any CPU
		{236F612A-A06B-433D-A111-BF8393202892}.AppStore|ARM.Build.0 = Release|Any CPU
		{236F612A-A06B-433D-A111-BF8393202892}.AppStore|iPhone.ActiveCfg = Release|Any CPU
		{236F612A-A06B-433D-A111-BF8393202892}.AppStore|iPhone.Build.0 = Release|Any CPU
		{236F612A-A06B-433D-A111-BF8393202892}.AppStore|iPhoneSimulator.ActiveCfg = Release|Any CPU
		{236F612A-A06B-433D-A111-BF8393202892}.AppStore|iPhoneSimulator.Build.0 = Release|Any CPU
		{236F612A-A06B-433D-A111-BF8393202892}.AppStore|x64.ActiveCfg = Release|Any CPU
		{236F612A-A06B-433D-A111-BF8393202892}.AppStore|x64.Build.0 = Release|Any CPU
		{236F612A-A06B-433D-A111-BF8393202892}.AppStore|x86.ActiveCfg = Release|Any CPU
		{236F612A-A06B-433D-A111-BF8393202892}.AppStore|x86.Build.0 = Release|Any CPU
		{236F612A-A06B-433D-A111-BF8393202892}.Debug|Any CPU.ActiveCfg = Debug|Any CPU
		{236F612A-A06B-433D-A111-BF8393202892}.Debug|Any CPU.Build.0 = Debug|Any CPU
		{236F612A-A06B-433D-A111-BF8393202892}.Debug|ARM.ActiveCfg = Debug|Any CPU
		{236F612A-A06B-433D-A111-BF8393202892}.Debug|ARM.Build.0 = Debug|Any CPU
		{236F612A-A06B-433D-A111-BF8393202892}.Debug|iPhone.ActiveCfg = Debug|Any CPU
		{236F612A-A06B-433D-A111-BF8393202892}.Debug|iPhone.Build.0 = Debug|Any CPU
		{236F612A-A06B-433D-A111-BF8393202892}.Debug|iPhoneSimulator.ActiveCfg = Debug|Any CPU
		{236F612A-A06B-433D-A111-BF8393202892}.Debug|iPhoneSimulator.Build.0 = Debug|Any CPU
		{236F612A-A06B-433D-A111-BF8393202892}.Debug|x64.ActiveCfg = Debug|Any CPU
		{236F612A-A06B-433D-A111-BF8393202892}.Debug|x64.Build.0 = Debug|Any CPU
		{236F612A-A06B-433D-A111-BF8393202892}.Debug|x86.ActiveCfg = Debug|Any CPU
		{236F612A-A06B-433D-A111-BF8393202892}.Debug|x86.Build.0 = Debug|Any CPU
		{236F612A-A06B-433D-A111-BF8393202892}.Release|Any CPU.ActiveCfg = Release|Any CPU
		{236F612A-A06B-433D-A111-BF8393202892}.Release|Any CPU.Build.0 = Release|Any CPU
		{236F612A-A06B-433D-A111-BF8393202892}.Release|ARM.ActiveCfg = Release|Any CPU
		{236F612A-A06B-433D-A111-BF8393202892}.Release|ARM.Build.0 = Release|Any CPU
		{236F612A-A06B-433D-A111-BF8393202892}.Release|iPhone.ActiveCfg = Release|Any CPU
		{236F612A-A06B-433D-A111-BF8393202892}.Release|iPhone.Build.0 = Release|Any CPU
		{236F612A-A06B-433D-A111-BF8393202892}.Release|iPhoneSimulator.ActiveCfg = Release|Any CPU
		{236F612A-A06B-433D-A111-BF8393202892}.Release|iPhoneSimulator.Build.0 = Release|Any CPU
		{236F612A-A06B-433D-A111-BF8393202892}.Release|x64.ActiveCfg = Release|Any CPU
		{236F612A-A06B-433D-A111-BF8393202892}.Release|x64.Build.0 = Release|Any CPU
		{236F612A-A06B-433D-A111-BF8393202892}.Release|x86.ActiveCfg = Release|Any CPU
		{236F612A-A06B-433D-A111-BF8393202892}.Release|x86.Build.0 = Release|Any CPU
		{23952A42-D4D6-4974-A5FC-8BCCB9D912AB}.Ad-Hoc|Any CPU.ActiveCfg = Release|Any CPU
		{23952A42-D4D6-4974-A5FC-8BCCB9D912AB}.Ad-Hoc|Any CPU.Build.0 = Release|Any CPU
		{23952A42-D4D6-4974-A5FC-8BCCB9D912AB}.Ad-Hoc|ARM.ActiveCfg = Release|Any CPU
		{23952A42-D4D6-4974-A5FC-8BCCB9D912AB}.Ad-Hoc|ARM.Build.0 = Release|Any CPU
		{23952A42-D4D6-4974-A5FC-8BCCB9D912AB}.Ad-Hoc|iPhone.ActiveCfg = Release|Any CPU
		{23952A42-D4D6-4974-A5FC-8BCCB9D912AB}.Ad-Hoc|iPhone.Build.0 = Release|Any CPU
		{23952A42-D4D6-4974-A5FC-8BCCB9D912AB}.Ad-Hoc|iPhoneSimulator.ActiveCfg = Release|Any CPU
		{23952A42-D4D6-4974-A5FC-8BCCB9D912AB}.Ad-Hoc|iPhoneSimulator.Build.0 = Release|Any CPU
		{23952A42-D4D6-4974-A5FC-8BCCB9D912AB}.Ad-Hoc|x64.ActiveCfg = Release|Any CPU
		{23952A42-D4D6-4974-A5FC-8BCCB9D912AB}.Ad-Hoc|x64.Build.0 = Release|Any CPU
		{23952A42-D4D6-4974-A5FC-8BCCB9D912AB}.Ad-Hoc|x86.ActiveCfg = Release|Any CPU
		{23952A42-D4D6-4974-A5FC-8BCCB9D912AB}.Ad-Hoc|x86.Build.0 = Release|Any CPU
		{23952A42-D4D6-4974-A5FC-8BCCB9D912AB}.AppStore|Any CPU.ActiveCfg = Release|Any CPU
		{23952A42-D4D6-4974-A5FC-8BCCB9D912AB}.AppStore|Any CPU.Build.0 = Release|Any CPU
		{23952A42-D4D6-4974-A5FC-8BCCB9D912AB}.AppStore|ARM.ActiveCfg = Release|Any CPU
		{23952A42-D4D6-4974-A5FC-8BCCB9D912AB}.AppStore|ARM.Build.0 = Release|Any CPU
		{23952A42-D4D6-4974-A5FC-8BCCB9D912AB}.AppStore|iPhone.ActiveCfg = Release|Any CPU
		{23952A42-D4D6-4974-A5FC-8BCCB9D912AB}.AppStore|iPhone.Build.0 = Release|Any CPU
		{23952A42-D4D6-4974-A5FC-8BCCB9D912AB}.AppStore|iPhoneSimulator.ActiveCfg = Release|Any CPU
		{23952A42-D4D6-4974-A5FC-8BCCB9D912AB}.AppStore|iPhoneSimulator.Build.0 = Release|Any CPU
		{23952A42-D4D6-4974-A5FC-8BCCB9D912AB}.AppStore|x64.ActiveCfg = Release|Any CPU
		{23952A42-D4D6-4974-A5FC-8BCCB9D912AB}.AppStore|x64.Build.0 = Release|Any CPU
		{23952A42-D4D6-4974-A5FC-8BCCB9D912AB}.AppStore|x86.ActiveCfg = Release|Any CPU
		{23952A42-D4D6-4974-A5FC-8BCCB9D912AB}.AppStore|x86.Build.0 = Release|Any CPU
		{23952A42-D4D6-4974-A5FC-8BCCB9D912AB}.Debug|Any CPU.ActiveCfg = Debug|Any CPU
		{23952A42-D4D6-4974-A5FC-8BCCB9D912AB}.Debug|Any CPU.Build.0 = Debug|Any CPU
		{23952A42-D4D6-4974-A5FC-8BCCB9D912AB}.Debug|ARM.ActiveCfg = Debug|Any CPU
		{23952A42-D4D6-4974-A5FC-8BCCB9D912AB}.Debug|ARM.Build.0 = Debug|Any CPU
		{23952A42-D4D6-4974-A5FC-8BCCB9D912AB}.Debug|iPhone.ActiveCfg = Debug|Any CPU
		{23952A42-D4D6-4974-A5FC-8BCCB9D912AB}.Debug|iPhone.Build.0 = Debug|Any CPU
		{23952A42-D4D6-4974-A5FC-8BCCB9D912AB}.Debug|iPhoneSimulator.ActiveCfg = Debug|Any CPU
		{23952A42-D4D6-4974-A5FC-8BCCB9D912AB}.Debug|iPhoneSimulator.Build.0 = Debug|Any CPU
		{23952A42-D4D6-4974-A5FC-8BCCB9D912AB}.Debug|x64.ActiveCfg = Debug|Any CPU
		{23952A42-D4D6-4974-A5FC-8BCCB9D912AB}.Debug|x64.Build.0 = Debug|Any CPU
		{23952A42-D4D6-4974-A5FC-8BCCB9D912AB}.Debug|x86.ActiveCfg = Debug|Any CPU
		{23952A42-D4D6-4974-A5FC-8BCCB9D912AB}.Debug|x86.Build.0 = Debug|Any CPU
		{23952A42-D4D6-4974-A5FC-8BCCB9D912AB}.Release|Any CPU.ActiveCfg = Release|Any CPU
		{23952A42-D4D6-4974-A5FC-8BCCB9D912AB}.Release|Any CPU.Build.0 = Release|Any CPU
		{23952A42-D4D6-4974-A5FC-8BCCB9D912AB}.Release|ARM.ActiveCfg = Release|Any CPU
		{23952A42-D4D6-4974-A5FC-8BCCB9D912AB}.Release|ARM.Build.0 = Release|Any CPU
		{23952A42-D4D6-4974-A5FC-8BCCB9D912AB}.Release|iPhone.ActiveCfg = Release|Any CPU
		{23952A42-D4D6-4974-A5FC-8BCCB9D912AB}.Release|iPhone.Build.0 = Release|Any CPU
		{23952A42-D4D6-4974-A5FC-8BCCB9D912AB}.Release|iPhoneSimulator.ActiveCfg = Release|Any CPU
		{23952A42-D4D6-4974-A5FC-8BCCB9D912AB}.Release|iPhoneSimulator.Build.0 = Release|Any CPU
		{23952A42-D4D6-4974-A5FC-8BCCB9D912AB}.Release|x64.ActiveCfg = Release|Any CPU
		{23952A42-D4D6-4974-A5FC-8BCCB9D912AB}.Release|x64.Build.0 = Release|Any CPU
		{23952A42-D4D6-4974-A5FC-8BCCB9D912AB}.Release|x86.ActiveCfg = Release|Any CPU
		{23952A42-D4D6-4974-A5FC-8BCCB9D912AB}.Release|x86.Build.0 = Release|Any CPU
		{5BBE776B-6307-49A0-A7CC-B06085BA9DF6}.Ad-Hoc|Any CPU.ActiveCfg = Release|Any CPU
		{5BBE776B-6307-49A0-A7CC-B06085BA9DF6}.Ad-Hoc|Any CPU.Build.0 = Release|Any CPU
		{5BBE776B-6307-49A0-A7CC-B06085BA9DF6}.Ad-Hoc|ARM.ActiveCfg = Release|Any CPU
		{5BBE776B-6307-49A0-A7CC-B06085BA9DF6}.Ad-Hoc|ARM.Build.0 = Release|Any CPU
		{5BBE776B-6307-49A0-A7CC-B06085BA9DF6}.Ad-Hoc|iPhone.ActiveCfg = Release|Any CPU
		{5BBE776B-6307-49A0-A7CC-B06085BA9DF6}.Ad-Hoc|iPhone.Build.0 = Release|Any CPU
		{5BBE776B-6307-49A0-A7CC-B06085BA9DF6}.Ad-Hoc|iPhoneSimulator.ActiveCfg = Release|Any CPU
		{5BBE776B-6307-49A0-A7CC-B06085BA9DF6}.Ad-Hoc|iPhoneSimulator.Build.0 = Release|Any CPU
		{5BBE776B-6307-49A0-A7CC-B06085BA9DF6}.Ad-Hoc|x64.ActiveCfg = Release|Any CPU
		{5BBE776B-6307-49A0-A7CC-B06085BA9DF6}.Ad-Hoc|x64.Build.0 = Release|Any CPU
		{5BBE776B-6307-49A0-A7CC-B06085BA9DF6}.Ad-Hoc|x86.ActiveCfg = Release|Any CPU
		{5BBE776B-6307-49A0-A7CC-B06085BA9DF6}.Ad-Hoc|x86.Build.0 = Release|Any CPU
		{5BBE776B-6307-49A0-A7CC-B06085BA9DF6}.AppStore|Any CPU.ActiveCfg = Release|Any CPU
		{5BBE776B-6307-49A0-A7CC-B06085BA9DF6}.AppStore|Any CPU.Build.0 = Release|Any CPU
		{5BBE776B-6307-49A0-A7CC-B06085BA9DF6}.AppStore|ARM.ActiveCfg = Release|Any CPU
		{5BBE776B-6307-49A0-A7CC-B06085BA9DF6}.AppStore|ARM.Build.0 = Release|Any CPU
		{5BBE776B-6307-49A0-A7CC-B06085BA9DF6}.AppStore|iPhone.ActiveCfg = Release|Any CPU
		{5BBE776B-6307-49A0-A7CC-B06085BA9DF6}.AppStore|iPhone.Build.0 = Release|Any CPU
		{5BBE776B-6307-49A0-A7CC-B06085BA9DF6}.AppStore|iPhoneSimulator.ActiveCfg = Release|Any CPU
		{5BBE776B-6307-49A0-A7CC-B06085BA9DF6}.AppStore|iPhoneSimulator.Build.0 = Release|Any CPU
		{5BBE776B-6307-49A0-A7CC-B06085BA9DF6}.AppStore|x64.ActiveCfg = Release|Any CPU
		{5BBE776B-6307-49A0-A7CC-B06085BA9DF6}.AppStore|x64.Build.0 = Release|Any CPU
		{5BBE776B-6307-49A0-A7CC-B06085BA9DF6}.AppStore|x86.ActiveCfg = Release|Any CPU
		{5BBE776B-6307-49A0-A7CC-B06085BA9DF6}.AppStore|x86.Build.0 = Release|Any CPU
		{5BBE776B-6307-49A0-A7CC-B06085BA9DF6}.Debug|Any CPU.ActiveCfg = Debug|Any CPU
		{5BBE776B-6307-49A0-A7CC-B06085BA9DF6}.Debug|Any CPU.Build.0 = Debug|Any CPU
		{5BBE776B-6307-49A0-A7CC-B06085BA9DF6}.Debug|ARM.ActiveCfg = Debug|Any CPU
		{5BBE776B-6307-49A0-A7CC-B06085BA9DF6}.Debug|ARM.Build.0 = Debug|Any CPU
		{5BBE776B-6307-49A0-A7CC-B06085BA9DF6}.Debug|iPhone.ActiveCfg = Debug|Any CPU
		{5BBE776B-6307-49A0-A7CC-B06085BA9DF6}.Debug|iPhone.Build.0 = Debug|Any CPU
		{5BBE776B-6307-49A0-A7CC-B06085BA9DF6}.Debug|iPhoneSimulator.ActiveCfg = Debug|Any CPU
		{5BBE776B-6307-49A0-A7CC-B06085BA9DF6}.Debug|iPhoneSimulator.Build.0 = Debug|Any CPU
		{5BBE776B-6307-49A0-A7CC-B06085BA9DF6}.Debug|x64.ActiveCfg = Debug|Any CPU
		{5BBE776B-6307-49A0-A7CC-B06085BA9DF6}.Debug|x64.Build.0 = Debug|Any CPU
		{5BBE776B-6307-49A0-A7CC-B06085BA9DF6}.Debug|x86.ActiveCfg = Debug|Any CPU
		{5BBE776B-6307-49A0-A7CC-B06085BA9DF6}.Debug|x86.Build.0 = Debug|Any CPU
		{5BBE776B-6307-49A0-A7CC-B06085BA9DF6}.Release|Any CPU.ActiveCfg = Release|Any CPU
		{5BBE776B-6307-49A0-A7CC-B06085BA9DF6}.Release|Any CPU.Build.0 = Release|Any CPU
		{5BBE776B-6307-49A0-A7CC-B06085BA9DF6}.Release|ARM.ActiveCfg = Release|Any CPU
		{5BBE776B-6307-49A0-A7CC-B06085BA9DF6}.Release|ARM.Build.0 = Release|Any CPU
		{5BBE776B-6307-49A0-A7CC-B06085BA9DF6}.Release|iPhone.ActiveCfg = Release|Any CPU
		{5BBE776B-6307-49A0-A7CC-B06085BA9DF6}.Release|iPhone.Build.0 = Release|Any CPU
		{5BBE776B-6307-49A0-A7CC-B06085BA9DF6}.Release|iPhoneSimulator.ActiveCfg = Release|Any CPU
		{5BBE776B-6307-49A0-A7CC-B06085BA9DF6}.Release|iPhoneSimulator.Build.0 = Release|Any CPU
		{5BBE776B-6307-49A0-A7CC-B06085BA9DF6}.Release|x64.ActiveCfg = Release|Any CPU
		{5BBE776B-6307-49A0-A7CC-B06085BA9DF6}.Release|x64.Build.0 = Release|Any CPU
		{5BBE776B-6307-49A0-A7CC-B06085BA9DF6}.Release|x86.ActiveCfg = Release|Any CPU
		{5BBE776B-6307-49A0-A7CC-B06085BA9DF6}.Release|x86.Build.0 = Release|Any CPU
		{DE6B7523-29A1-414A-BBC2-126DE499015D}.Ad-Hoc|Any CPU.ActiveCfg = Debug|Any CPU
		{DE6B7523-29A1-414A-BBC2-126DE499015D}.Ad-Hoc|Any CPU.Build.0 = Debug|Any CPU
		{DE6B7523-29A1-414A-BBC2-126DE499015D}.Ad-Hoc|ARM.ActiveCfg = Debug|Any CPU
		{DE6B7523-29A1-414A-BBC2-126DE499015D}.Ad-Hoc|ARM.Build.0 = Debug|Any CPU
		{DE6B7523-29A1-414A-BBC2-126DE499015D}.Ad-Hoc|iPhone.ActiveCfg = Debug|Any CPU
		{DE6B7523-29A1-414A-BBC2-126DE499015D}.Ad-Hoc|iPhone.Build.0 = Debug|Any CPU
		{DE6B7523-29A1-414A-BBC2-126DE499015D}.Ad-Hoc|iPhoneSimulator.ActiveCfg = Debug|Any CPU
		{DE6B7523-29A1-414A-BBC2-126DE499015D}.Ad-Hoc|iPhoneSimulator.Build.0 = Debug|Any CPU
		{DE6B7523-29A1-414A-BBC2-126DE499015D}.Ad-Hoc|x64.ActiveCfg = Debug|Any CPU
		{DE6B7523-29A1-414A-BBC2-126DE499015D}.Ad-Hoc|x64.Build.0 = Debug|Any CPU
		{DE6B7523-29A1-414A-BBC2-126DE499015D}.Ad-Hoc|x86.ActiveCfg = Debug|Any CPU
		{DE6B7523-29A1-414A-BBC2-126DE499015D}.Ad-Hoc|x86.Build.0 = Debug|Any CPU
		{DE6B7523-29A1-414A-BBC2-126DE499015D}.AppStore|Any CPU.ActiveCfg = Debug|Any CPU
		{DE6B7523-29A1-414A-BBC2-126DE499015D}.AppStore|Any CPU.Build.0 = Debug|Any CPU
		{DE6B7523-29A1-414A-BBC2-126DE499015D}.AppStore|ARM.ActiveCfg = Debug|Any CPU
		{DE6B7523-29A1-414A-BBC2-126DE499015D}.AppStore|ARM.Build.0 = Debug|Any CPU
		{DE6B7523-29A1-414A-BBC2-126DE499015D}.AppStore|iPhone.ActiveCfg = Debug|Any CPU
		{DE6B7523-29A1-414A-BBC2-126DE499015D}.AppStore|iPhone.Build.0 = Debug|Any CPU
		{DE6B7523-29A1-414A-BBC2-126DE499015D}.AppStore|iPhoneSimulator.ActiveCfg = Debug|Any CPU
		{DE6B7523-29A1-414A-BBC2-126DE499015D}.AppStore|iPhoneSimulator.Build.0 = Debug|Any CPU
		{DE6B7523-29A1-414A-BBC2-126DE499015D}.AppStore|x64.ActiveCfg = Debug|Any CPU
		{DE6B7523-29A1-414A-BBC2-126DE499015D}.AppStore|x64.Build.0 = Debug|Any CPU
		{DE6B7523-29A1-414A-BBC2-126DE499015D}.AppStore|x86.ActiveCfg = Debug|Any CPU
		{DE6B7523-29A1-414A-BBC2-126DE499015D}.AppStore|x86.Build.0 = Debug|Any CPU
		{DE6B7523-29A1-414A-BBC2-126DE499015D}.Debug|Any CPU.ActiveCfg = Debug|Any CPU
		{DE6B7523-29A1-414A-BBC2-126DE499015D}.Debug|Any CPU.Build.0 = Debug|Any CPU
		{DE6B7523-29A1-414A-BBC2-126DE499015D}.Debug|ARM.ActiveCfg = Debug|Any CPU
		{DE6B7523-29A1-414A-BBC2-126DE499015D}.Debug|ARM.Build.0 = Debug|Any CPU
		{DE6B7523-29A1-414A-BBC2-126DE499015D}.Debug|iPhone.ActiveCfg = Debug|Any CPU
		{DE6B7523-29A1-414A-BBC2-126DE499015D}.Debug|iPhone.Build.0 = Debug|Any CPU
		{DE6B7523-29A1-414A-BBC2-126DE499015D}.Debug|iPhoneSimulator.ActiveCfg = Debug|Any CPU
		{DE6B7523-29A1-414A-BBC2-126DE499015D}.Debug|iPhoneSimulator.Build.0 = Debug|Any CPU
		{DE6B7523-29A1-414A-BBC2-126DE499015D}.Debug|x64.ActiveCfg = Debug|Any CPU
		{DE6B7523-29A1-414A-BBC2-126DE499015D}.Debug|x64.Build.0 = Debug|Any CPU
		{DE6B7523-29A1-414A-BBC2-126DE499015D}.Debug|x86.ActiveCfg = Debug|Any CPU
		{DE6B7523-29A1-414A-BBC2-126DE499015D}.Debug|x86.Build.0 = Debug|Any CPU
		{DE6B7523-29A1-414A-BBC2-126DE499015D}.Release|Any CPU.ActiveCfg = Release|Any CPU
		{DE6B7523-29A1-414A-BBC2-126DE499015D}.Release|Any CPU.Build.0 = Release|Any CPU
		{DE6B7523-29A1-414A-BBC2-126DE499015D}.Release|ARM.ActiveCfg = Release|Any CPU
		{DE6B7523-29A1-414A-BBC2-126DE499015D}.Release|ARM.Build.0 = Release|Any CPU
		{DE6B7523-29A1-414A-BBC2-126DE499015D}.Release|iPhone.ActiveCfg = Release|Any CPU
		{DE6B7523-29A1-414A-BBC2-126DE499015D}.Release|iPhone.Build.0 = Release|Any CPU
		{DE6B7523-29A1-414A-BBC2-126DE499015D}.Release|iPhoneSimulator.ActiveCfg = Release|Any CPU
		{DE6B7523-29A1-414A-BBC2-126DE499015D}.Release|iPhoneSimulator.Build.0 = Release|Any CPU
		{DE6B7523-29A1-414A-BBC2-126DE499015D}.Release|x64.ActiveCfg = Release|Any CPU
		{DE6B7523-29A1-414A-BBC2-126DE499015D}.Release|x64.Build.0 = Release|Any CPU
		{DE6B7523-29A1-414A-BBC2-126DE499015D}.Release|x86.ActiveCfg = Release|Any CPU
		{DE6B7523-29A1-414A-BBC2-126DE499015D}.Release|x86.Build.0 = Release|Any CPU
		{DC3DAE17-873E-4687-9D71-33E270C5D668}.Ad-Hoc|Any CPU.ActiveCfg = Release|Any CPU
		{DC3DAE17-873E-4687-9D71-33E270C5D668}.Ad-Hoc|Any CPU.Build.0 = Release|Any CPU
		{DC3DAE17-873E-4687-9D71-33E270C5D668}.Ad-Hoc|Any CPU.Deploy.0 = Release|Any CPU
		{DC3DAE17-873E-4687-9D71-33E270C5D668}.Ad-Hoc|ARM.ActiveCfg = Release|Any CPU
		{DC3DAE17-873E-4687-9D71-33E270C5D668}.Ad-Hoc|ARM.Build.0 = Release|Any CPU
		{DC3DAE17-873E-4687-9D71-33E270C5D668}.Ad-Hoc|ARM.Deploy.0 = Release|Any CPU
		{DC3DAE17-873E-4687-9D71-33E270C5D668}.Ad-Hoc|iPhone.ActiveCfg = Release|Any CPU
		{DC3DAE17-873E-4687-9D71-33E270C5D668}.Ad-Hoc|iPhone.Build.0 = Release|Any CPU
		{DC3DAE17-873E-4687-9D71-33E270C5D668}.Ad-Hoc|iPhone.Deploy.0 = Release|Any CPU
		{DC3DAE17-873E-4687-9D71-33E270C5D668}.Ad-Hoc|iPhoneSimulator.ActiveCfg = Release|Any CPU
		{DC3DAE17-873E-4687-9D71-33E270C5D668}.Ad-Hoc|iPhoneSimulator.Build.0 = Release|Any CPU
		{DC3DAE17-873E-4687-9D71-33E270C5D668}.Ad-Hoc|iPhoneSimulator.Deploy.0 = Release|Any CPU
		{DC3DAE17-873E-4687-9D71-33E270C5D668}.Ad-Hoc|x64.ActiveCfg = Release|Any CPU
		{DC3DAE17-873E-4687-9D71-33E270C5D668}.Ad-Hoc|x64.Build.0 = Release|Any CPU
		{DC3DAE17-873E-4687-9D71-33E270C5D668}.Ad-Hoc|x64.Deploy.0 = Release|Any CPU
		{DC3DAE17-873E-4687-9D71-33E270C5D668}.Ad-Hoc|x86.ActiveCfg = Release|Any CPU
		{DC3DAE17-873E-4687-9D71-33E270C5D668}.Ad-Hoc|x86.Build.0 = Release|Any CPU
		{DC3DAE17-873E-4687-9D71-33E270C5D668}.Ad-Hoc|x86.Deploy.0 = Release|Any CPU
		{DC3DAE17-873E-4687-9D71-33E270C5D668}.AppStore|Any CPU.ActiveCfg = Release|Any CPU
		{DC3DAE17-873E-4687-9D71-33E270C5D668}.AppStore|Any CPU.Build.0 = Release|Any CPU
		{DC3DAE17-873E-4687-9D71-33E270C5D668}.AppStore|Any CPU.Deploy.0 = Release|Any CPU
		{DC3DAE17-873E-4687-9D71-33E270C5D668}.AppStore|ARM.ActiveCfg = Release|Any CPU
		{DC3DAE17-873E-4687-9D71-33E270C5D668}.AppStore|ARM.Build.0 = Release|Any CPU
		{DC3DAE17-873E-4687-9D71-33E270C5D668}.AppStore|ARM.Deploy.0 = Release|Any CPU
		{DC3DAE17-873E-4687-9D71-33E270C5D668}.AppStore|iPhone.ActiveCfg = Release|Any CPU
		{DC3DAE17-873E-4687-9D71-33E270C5D668}.AppStore|iPhone.Build.0 = Release|Any CPU
		{DC3DAE17-873E-4687-9D71-33E270C5D668}.AppStore|iPhone.Deploy.0 = Release|Any CPU
		{DC3DAE17-873E-4687-9D71-33E270C5D668}.AppStore|iPhoneSimulator.ActiveCfg = Release|Any CPU
		{DC3DAE17-873E-4687-9D71-33E270C5D668}.AppStore|iPhoneSimulator.Build.0 = Release|Any CPU
		{DC3DAE17-873E-4687-9D71-33E270C5D668}.AppStore|iPhoneSimulator.Deploy.0 = Release|Any CPU
		{DC3DAE17-873E-4687-9D71-33E270C5D668}.AppStore|x64.ActiveCfg = Release|Any CPU
		{DC3DAE17-873E-4687-9D71-33E270C5D668}.AppStore|x64.Build.0 = Release|Any CPU
		{DC3DAE17-873E-4687-9D71-33E270C5D668}.AppStore|x64.Deploy.0 = Release|Any CPU
		{DC3DAE17-873E-4687-9D71-33E270C5D668}.AppStore|x86.ActiveCfg = Release|Any CPU
		{DC3DAE17-873E-4687-9D71-33E270C5D668}.AppStore|x86.Build.0 = Release|Any CPU
		{DC3DAE17-873E-4687-9D71-33E270C5D668}.AppStore|x86.Deploy.0 = Release|Any CPU
		{DC3DAE17-873E-4687-9D71-33E270C5D668}.Debug|Any CPU.ActiveCfg = Debug|Any CPU
		{DC3DAE17-873E-4687-9D71-33E270C5D668}.Debug|Any CPU.Build.0 = Debug|Any CPU
		{DC3DAE17-873E-4687-9D71-33E270C5D668}.Debug|Any CPU.Deploy.0 = Debug|Any CPU
		{DC3DAE17-873E-4687-9D71-33E270C5D668}.Debug|ARM.ActiveCfg = Debug|Any CPU
		{DC3DAE17-873E-4687-9D71-33E270C5D668}.Debug|ARM.Build.0 = Debug|Any CPU
		{DC3DAE17-873E-4687-9D71-33E270C5D668}.Debug|ARM.Deploy.0 = Debug|Any CPU
		{DC3DAE17-873E-4687-9D71-33E270C5D668}.Debug|iPhone.ActiveCfg = Debug|Any CPU
		{DC3DAE17-873E-4687-9D71-33E270C5D668}.Debug|iPhone.Build.0 = Debug|Any CPU
		{DC3DAE17-873E-4687-9D71-33E270C5D668}.Debug|iPhone.Deploy.0 = Debug|Any CPU
		{DC3DAE17-873E-4687-9D71-33E270C5D668}.Debug|iPhoneSimulator.ActiveCfg = Debug|Any CPU
		{DC3DAE17-873E-4687-9D71-33E270C5D668}.Debug|iPhoneSimulator.Build.0 = Debug|Any CPU
		{DC3DAE17-873E-4687-9D71-33E270C5D668}.Debug|iPhoneSimulator.Deploy.0 = Debug|Any CPU
		{DC3DAE17-873E-4687-9D71-33E270C5D668}.Debug|x64.ActiveCfg = Debug|Any CPU
		{DC3DAE17-873E-4687-9D71-33E270C5D668}.Debug|x64.Build.0 = Debug|Any CPU
		{DC3DAE17-873E-4687-9D71-33E270C5D668}.Debug|x64.Deploy.0 = Debug|Any CPU
		{DC3DAE17-873E-4687-9D71-33E270C5D668}.Debug|x86.ActiveCfg = Debug|Any CPU
		{DC3DAE17-873E-4687-9D71-33E270C5D668}.Debug|x86.Build.0 = Debug|Any CPU
		{DC3DAE17-873E-4687-9D71-33E270C5D668}.Debug|x86.Deploy.0 = Debug|Any CPU
		{DC3DAE17-873E-4687-9D71-33E270C5D668}.Release|Any CPU.ActiveCfg = Release|Any CPU
		{DC3DAE17-873E-4687-9D71-33E270C5D668}.Release|Any CPU.Build.0 = Release|Any CPU
		{DC3DAE17-873E-4687-9D71-33E270C5D668}.Release|Any CPU.Deploy.0 = Release|Any CPU
		{DC3DAE17-873E-4687-9D71-33E270C5D668}.Release|ARM.ActiveCfg = Release|Any CPU
		{DC3DAE17-873E-4687-9D71-33E270C5D668}.Release|ARM.Build.0 = Release|Any CPU
		{DC3DAE17-873E-4687-9D71-33E270C5D668}.Release|ARM.Deploy.0 = Release|Any CPU
		{DC3DAE17-873E-4687-9D71-33E270C5D668}.Release|iPhone.ActiveCfg = Release|Any CPU
		{DC3DAE17-873E-4687-9D71-33E270C5D668}.Release|iPhone.Build.0 = Release|Any CPU
		{DC3DAE17-873E-4687-9D71-33E270C5D668}.Release|iPhone.Deploy.0 = Release|Any CPU
		{DC3DAE17-873E-4687-9D71-33E270C5D668}.Release|iPhoneSimulator.ActiveCfg = Release|Any CPU
		{DC3DAE17-873E-4687-9D71-33E270C5D668}.Release|iPhoneSimulator.Build.0 = Release|Any CPU
		{DC3DAE17-873E-4687-9D71-33E270C5D668}.Release|iPhoneSimulator.Deploy.0 = Release|Any CPU
		{DC3DAE17-873E-4687-9D71-33E270C5D668}.Release|x64.ActiveCfg = Release|Any CPU
		{DC3DAE17-873E-4687-9D71-33E270C5D668}.Release|x64.Build.0 = Release|Any CPU
		{DC3DAE17-873E-4687-9D71-33E270C5D668}.Release|x64.Deploy.0 = Release|Any CPU
		{DC3DAE17-873E-4687-9D71-33E270C5D668}.Release|x86.ActiveCfg = Release|Any CPU
		{DC3DAE17-873E-4687-9D71-33E270C5D668}.Release|x86.Build.0 = Release|Any CPU
		{DC3DAE17-873E-4687-9D71-33E270C5D668}.Release|x86.Deploy.0 = Release|Any CPU
		{8C741C9D-B788-4BA2-A92F-F9FEE43064F8}.Ad-Hoc|Any CPU.ActiveCfg = Ad-Hoc|iPhone
		{8C741C9D-B788-4BA2-A92F-F9FEE43064F8}.Ad-Hoc|ARM.ActiveCfg = Ad-Hoc|iPhone
		{8C741C9D-B788-4BA2-A92F-F9FEE43064F8}.Ad-Hoc|iPhone.ActiveCfg = Ad-Hoc|iPhone
		{8C741C9D-B788-4BA2-A92F-F9FEE43064F8}.Ad-Hoc|iPhone.Build.0 = Ad-Hoc|iPhone
		{8C741C9D-B788-4BA2-A92F-F9FEE43064F8}.Ad-Hoc|iPhoneSimulator.ActiveCfg = Ad-Hoc|iPhoneSimulator
		{8C741C9D-B788-4BA2-A92F-F9FEE43064F8}.Ad-Hoc|iPhoneSimulator.Build.0 = Ad-Hoc|iPhoneSimulator
		{8C741C9D-B788-4BA2-A92F-F9FEE43064F8}.Ad-Hoc|x64.ActiveCfg = Ad-Hoc|iPhone
		{8C741C9D-B788-4BA2-A92F-F9FEE43064F8}.Ad-Hoc|x86.ActiveCfg = Ad-Hoc|iPhone
		{8C741C9D-B788-4BA2-A92F-F9FEE43064F8}.AppStore|Any CPU.ActiveCfg = AppStore|iPhone
		{8C741C9D-B788-4BA2-A92F-F9FEE43064F8}.AppStore|ARM.ActiveCfg = AppStore|iPhone
		{8C741C9D-B788-4BA2-A92F-F9FEE43064F8}.AppStore|iPhone.ActiveCfg = AppStore|iPhone
		{8C741C9D-B788-4BA2-A92F-F9FEE43064F8}.AppStore|iPhone.Build.0 = AppStore|iPhone
		{8C741C9D-B788-4BA2-A92F-F9FEE43064F8}.AppStore|iPhoneSimulator.ActiveCfg = AppStore|iPhoneSimulator
		{8C741C9D-B788-4BA2-A92F-F9FEE43064F8}.AppStore|iPhoneSimulator.Build.0 = AppStore|iPhoneSimulator
		{8C741C9D-B788-4BA2-A92F-F9FEE43064F8}.AppStore|x64.ActiveCfg = AppStore|iPhone
		{8C741C9D-B788-4BA2-A92F-F9FEE43064F8}.AppStore|x86.ActiveCfg = AppStore|iPhone
		{8C741C9D-B788-4BA2-A92F-F9FEE43064F8}.Debug|Any CPU.ActiveCfg = Debug|iPhone
		{8C741C9D-B788-4BA2-A92F-F9FEE43064F8}.Debug|ARM.ActiveCfg = Debug|iPhone
		{8C741C9D-B788-4BA2-A92F-F9FEE43064F8}.Debug|iPhone.ActiveCfg = Debug|iPhone
		{8C741C9D-B788-4BA2-A92F-F9FEE43064F8}.Debug|iPhone.Build.0 = Debug|iPhone
		{8C741C9D-B788-4BA2-A92F-F9FEE43064F8}.Debug|iPhoneSimulator.ActiveCfg = Debug|iPhoneSimulator
		{8C741C9D-B788-4BA2-A92F-F9FEE43064F8}.Debug|iPhoneSimulator.Build.0 = Debug|iPhoneSimulator
		{8C741C9D-B788-4BA2-A92F-F9FEE43064F8}.Debug|x64.ActiveCfg = Debug|iPhone
		{8C741C9D-B788-4BA2-A92F-F9FEE43064F8}.Debug|x86.ActiveCfg = Debug|iPhone
		{8C741C9D-B788-4BA2-A92F-F9FEE43064F8}.Release|Any CPU.ActiveCfg = Release|iPhone
		{8C741C9D-B788-4BA2-A92F-F9FEE43064F8}.Release|ARM.ActiveCfg = Release|iPhone
		{8C741C9D-B788-4BA2-A92F-F9FEE43064F8}.Release|iPhone.ActiveCfg = Release|iPhone
		{8C741C9D-B788-4BA2-A92F-F9FEE43064F8}.Release|iPhone.Build.0 = Release|iPhone
		{8C741C9D-B788-4BA2-A92F-F9FEE43064F8}.Release|iPhoneSimulator.ActiveCfg = Release|iPhoneSimulator
		{8C741C9D-B788-4BA2-A92F-F9FEE43064F8}.Release|iPhoneSimulator.Build.0 = Release|iPhoneSimulator
		{8C741C9D-B788-4BA2-A92F-F9FEE43064F8}.Release|x64.ActiveCfg = Release|iPhone
		{8C741C9D-B788-4BA2-A92F-F9FEE43064F8}.Release|x86.ActiveCfg = Release|iPhone
		{CA0319D4-9E71-4C85-9D69-3C8D9680E562}.Ad-Hoc|Any CPU.ActiveCfg = Release|x86
		{CA0319D4-9E71-4C85-9D69-3C8D9680E562}.Ad-Hoc|Any CPU.Build.0 = Release|x86
		{CA0319D4-9E71-4C85-9D69-3C8D9680E562}.Ad-Hoc|Any CPU.Deploy.0 = Release|x86
		{CA0319D4-9E71-4C85-9D69-3C8D9680E562}.Ad-Hoc|ARM.ActiveCfg = Release|ARM
		{CA0319D4-9E71-4C85-9D69-3C8D9680E562}.Ad-Hoc|ARM.Build.0 = Release|ARM
		{CA0319D4-9E71-4C85-9D69-3C8D9680E562}.Ad-Hoc|ARM.Deploy.0 = Release|ARM
		{CA0319D4-9E71-4C85-9D69-3C8D9680E562}.Ad-Hoc|iPhone.ActiveCfg = Release|x86
		{CA0319D4-9E71-4C85-9D69-3C8D9680E562}.Ad-Hoc|iPhone.Build.0 = Release|x86
		{CA0319D4-9E71-4C85-9D69-3C8D9680E562}.Ad-Hoc|iPhone.Deploy.0 = Release|x86
		{CA0319D4-9E71-4C85-9D69-3C8D9680E562}.Ad-Hoc|iPhoneSimulator.ActiveCfg = Release|x86
		{CA0319D4-9E71-4C85-9D69-3C8D9680E562}.Ad-Hoc|iPhoneSimulator.Build.0 = Release|x86
		{CA0319D4-9E71-4C85-9D69-3C8D9680E562}.Ad-Hoc|iPhoneSimulator.Deploy.0 = Release|x86
		{CA0319D4-9E71-4C85-9D69-3C8D9680E562}.Ad-Hoc|x64.ActiveCfg = Release|x64
		{CA0319D4-9E71-4C85-9D69-3C8D9680E562}.Ad-Hoc|x64.Build.0 = Release|x64
		{CA0319D4-9E71-4C85-9D69-3C8D9680E562}.Ad-Hoc|x64.Deploy.0 = Release|x64
		{CA0319D4-9E71-4C85-9D69-3C8D9680E562}.Ad-Hoc|x86.ActiveCfg = Release|x86
		{CA0319D4-9E71-4C85-9D69-3C8D9680E562}.Ad-Hoc|x86.Build.0 = Release|x86
		{CA0319D4-9E71-4C85-9D69-3C8D9680E562}.Ad-Hoc|x86.Deploy.0 = Release|x86
		{CA0319D4-9E71-4C85-9D69-3C8D9680E562}.AppStore|Any CPU.ActiveCfg = Release|x86
		{CA0319D4-9E71-4C85-9D69-3C8D9680E562}.AppStore|Any CPU.Build.0 = Release|x86
		{CA0319D4-9E71-4C85-9D69-3C8D9680E562}.AppStore|Any CPU.Deploy.0 = Release|x86
		{CA0319D4-9E71-4C85-9D69-3C8D9680E562}.AppStore|ARM.ActiveCfg = Release|ARM
		{CA0319D4-9E71-4C85-9D69-3C8D9680E562}.AppStore|ARM.Build.0 = Release|ARM
		{CA0319D4-9E71-4C85-9D69-3C8D9680E562}.AppStore|ARM.Deploy.0 = Release|ARM
		{CA0319D4-9E71-4C85-9D69-3C8D9680E562}.AppStore|iPhone.ActiveCfg = Release|x86
		{CA0319D4-9E71-4C85-9D69-3C8D9680E562}.AppStore|iPhone.Build.0 = Release|x86
		{CA0319D4-9E71-4C85-9D69-3C8D9680E562}.AppStore|iPhone.Deploy.0 = Release|x86
		{CA0319D4-9E71-4C85-9D69-3C8D9680E562}.AppStore|iPhoneSimulator.ActiveCfg = Release|x86
		{CA0319D4-9E71-4C85-9D69-3C8D9680E562}.AppStore|iPhoneSimulator.Build.0 = Release|x86
		{CA0319D4-9E71-4C85-9D69-3C8D9680E562}.AppStore|iPhoneSimulator.Deploy.0 = Release|x86
		{CA0319D4-9E71-4C85-9D69-3C8D9680E562}.AppStore|x64.ActiveCfg = Release|x64
		{CA0319D4-9E71-4C85-9D69-3C8D9680E562}.AppStore|x64.Build.0 = Release|x64
		{CA0319D4-9E71-4C85-9D69-3C8D9680E562}.AppStore|x64.Deploy.0 = Release|x64
		{CA0319D4-9E71-4C85-9D69-3C8D9680E562}.AppStore|x86.ActiveCfg = Release|x86
		{CA0319D4-9E71-4C85-9D69-3C8D9680E562}.AppStore|x86.Build.0 = Release|x86
		{CA0319D4-9E71-4C85-9D69-3C8D9680E562}.AppStore|x86.Deploy.0 = Release|x86
		{CA0319D4-9E71-4C85-9D69-3C8D9680E562}.Debug|Any CPU.ActiveCfg = Debug|x86
		{CA0319D4-9E71-4C85-9D69-3C8D9680E562}.Debug|ARM.ActiveCfg = Debug|ARM
		{CA0319D4-9E71-4C85-9D69-3C8D9680E562}.Debug|ARM.Build.0 = Debug|ARM
		{CA0319D4-9E71-4C85-9D69-3C8D9680E562}.Debug|ARM.Deploy.0 = Debug|ARM
		{CA0319D4-9E71-4C85-9D69-3C8D9680E562}.Debug|iPhone.ActiveCfg = Debug|x86
		{CA0319D4-9E71-4C85-9D69-3C8D9680E562}.Debug|iPhoneSimulator.ActiveCfg = Debug|x86
		{CA0319D4-9E71-4C85-9D69-3C8D9680E562}.Debug|x64.ActiveCfg = Debug|x64
		{CA0319D4-9E71-4C85-9D69-3C8D9680E562}.Debug|x64.Build.0 = Debug|x64
		{CA0319D4-9E71-4C85-9D69-3C8D9680E562}.Debug|x64.Deploy.0 = Debug|x64
		{CA0319D4-9E71-4C85-9D69-3C8D9680E562}.Debug|x86.ActiveCfg = Debug|x86
		{CA0319D4-9E71-4C85-9D69-3C8D9680E562}.Debug|x86.Build.0 = Debug|x86
		{CA0319D4-9E71-4C85-9D69-3C8D9680E562}.Debug|x86.Deploy.0 = Debug|x86
		{CA0319D4-9E71-4C85-9D69-3C8D9680E562}.Release|Any CPU.ActiveCfg = Release|x86
		{CA0319D4-9E71-4C85-9D69-3C8D9680E562}.Release|ARM.ActiveCfg = Release|ARM
		{CA0319D4-9E71-4C85-9D69-3C8D9680E562}.Release|ARM.Build.0 = Release|ARM
		{CA0319D4-9E71-4C85-9D69-3C8D9680E562}.Release|ARM.Deploy.0 = Release|ARM
		{CA0319D4-9E71-4C85-9D69-3C8D9680E562}.Release|iPhone.ActiveCfg = Release|x86
		{CA0319D4-9E71-4C85-9D69-3C8D9680E562}.Release|iPhoneSimulator.ActiveCfg = Release|x86
		{CA0319D4-9E71-4C85-9D69-3C8D9680E562}.Release|x64.ActiveCfg = Release|x64
		{CA0319D4-9E71-4C85-9D69-3C8D9680E562}.Release|x64.Build.0 = Release|x64
		{CA0319D4-9E71-4C85-9D69-3C8D9680E562}.Release|x64.Deploy.0 = Release|x64
		{CA0319D4-9E71-4C85-9D69-3C8D9680E562}.Release|x86.ActiveCfg = Release|x86
		{CA0319D4-9E71-4C85-9D69-3C8D9680E562}.Release|x86.Build.0 = Release|x86
		{CA0319D4-9E71-4C85-9D69-3C8D9680E562}.Release|x86.Deploy.0 = Release|x86
		{71399511-D628-4E35-BCC7-423AD041E74B}.Ad-Hoc|Any CPU.ActiveCfg = Debug|Any CPU
		{71399511-D628-4E35-BCC7-423AD041E74B}.Ad-Hoc|Any CPU.Build.0 = Debug|Any CPU
		{71399511-D628-4E35-BCC7-423AD041E74B}.Ad-Hoc|ARM.ActiveCfg = Debug|Any CPU
		{71399511-D628-4E35-BCC7-423AD041E74B}.Ad-Hoc|ARM.Build.0 = Debug|Any CPU
		{71399511-D628-4E35-BCC7-423AD041E74B}.Ad-Hoc|iPhone.ActiveCfg = Debug|Any CPU
		{71399511-D628-4E35-BCC7-423AD041E74B}.Ad-Hoc|iPhone.Build.0 = Debug|Any CPU
		{71399511-D628-4E35-BCC7-423AD041E74B}.Ad-Hoc|iPhoneSimulator.ActiveCfg = Debug|Any CPU
		{71399511-D628-4E35-BCC7-423AD041E74B}.Ad-Hoc|iPhoneSimulator.Build.0 = Debug|Any CPU
		{71399511-D628-4E35-BCC7-423AD041E74B}.Ad-Hoc|x64.ActiveCfg = Debug|Any CPU
		{71399511-D628-4E35-BCC7-423AD041E74B}.Ad-Hoc|x64.Build.0 = Debug|Any CPU
		{71399511-D628-4E35-BCC7-423AD041E74B}.Ad-Hoc|x86.ActiveCfg = Debug|Any CPU
		{71399511-D628-4E35-BCC7-423AD041E74B}.Ad-Hoc|x86.Build.0 = Debug|Any CPU
		{71399511-D628-4E35-BCC7-423AD041E74B}.AppStore|Any CPU.ActiveCfg = Debug|Any CPU
		{71399511-D628-4E35-BCC7-423AD041E74B}.AppStore|Any CPU.Build.0 = Debug|Any CPU
		{71399511-D628-4E35-BCC7-423AD041E74B}.AppStore|ARM.ActiveCfg = Debug|Any CPU
		{71399511-D628-4E35-BCC7-423AD041E74B}.AppStore|ARM.Build.0 = Debug|Any CPU
		{71399511-D628-4E35-BCC7-423AD041E74B}.AppStore|iPhone.ActiveCfg = Debug|Any CPU
		{71399511-D628-4E35-BCC7-423AD041E74B}.AppStore|iPhone.Build.0 = Debug|Any CPU
		{71399511-D628-4E35-BCC7-423AD041E74B}.AppStore|iPhoneSimulator.ActiveCfg = Debug|Any CPU
		{71399511-D628-4E35-BCC7-423AD041E74B}.AppStore|iPhoneSimulator.Build.0 = Debug|Any CPU
		{71399511-D628-4E35-BCC7-423AD041E74B}.AppStore|x64.ActiveCfg = Debug|Any CPU
		{71399511-D628-4E35-BCC7-423AD041E74B}.AppStore|x64.Build.0 = Debug|Any CPU
		{71399511-D628-4E35-BCC7-423AD041E74B}.AppStore|x86.ActiveCfg = Debug|Any CPU
		{71399511-D628-4E35-BCC7-423AD041E74B}.AppStore|x86.Build.0 = Debug|Any CPU
		{71399511-D628-4E35-BCC7-423AD041E74B}.Debug|Any CPU.ActiveCfg = Debug|Any CPU
		{71399511-D628-4E35-BCC7-423AD041E74B}.Debug|Any CPU.Build.0 = Debug|Any CPU
		{71399511-D628-4E35-BCC7-423AD041E74B}.Debug|ARM.ActiveCfg = Debug|Any CPU
		{71399511-D628-4E35-BCC7-423AD041E74B}.Debug|ARM.Build.0 = Debug|Any CPU
		{71399511-D628-4E35-BCC7-423AD041E74B}.Debug|iPhone.ActiveCfg = Debug|Any CPU
		{71399511-D628-4E35-BCC7-423AD041E74B}.Debug|iPhone.Build.0 = Debug|Any CPU
		{71399511-D628-4E35-BCC7-423AD041E74B}.Debug|iPhoneSimulator.ActiveCfg = Debug|Any CPU
		{71399511-D628-4E35-BCC7-423AD041E74B}.Debug|iPhoneSimulator.Build.0 = Debug|Any CPU
		{71399511-D628-4E35-BCC7-423AD041E74B}.Debug|x64.ActiveCfg = Debug|Any CPU
		{71399511-D628-4E35-BCC7-423AD041E74B}.Debug|x64.Build.0 = Debug|Any CPU
		{71399511-D628-4E35-BCC7-423AD041E74B}.Debug|x86.ActiveCfg = Debug|Any CPU
		{71399511-D628-4E35-BCC7-423AD041E74B}.Debug|x86.Build.0 = Debug|Any CPU
		{71399511-D628-4E35-BCC7-423AD041E74B}.Release|Any CPU.ActiveCfg = Release|Any CPU
		{71399511-D628-4E35-BCC7-423AD041E74B}.Release|Any CPU.Build.0 = Release|Any CPU
		{71399511-D628-4E35-BCC7-423AD041E74B}.Release|ARM.ActiveCfg = Release|Any CPU
		{71399511-D628-4E35-BCC7-423AD041E74B}.Release|ARM.Build.0 = Release|Any CPU
		{71399511-D628-4E35-BCC7-423AD041E74B}.Release|iPhone.ActiveCfg = Release|Any CPU
		{71399511-D628-4E35-BCC7-423AD041E74B}.Release|iPhone.Build.0 = Release|Any CPU
		{71399511-D628-4E35-BCC7-423AD041E74B}.Release|iPhoneSimulator.ActiveCfg = Release|Any CPU
		{71399511-D628-4E35-BCC7-423AD041E74B}.Release|iPhoneSimulator.Build.0 = Release|Any CPU
		{71399511-D628-4E35-BCC7-423AD041E74B}.Release|x64.ActiveCfg = Release|Any CPU
		{71399511-D628-4E35-BCC7-423AD041E74B}.Release|x64.Build.0 = Release|Any CPU
		{71399511-D628-4E35-BCC7-423AD041E74B}.Release|x86.ActiveCfg = Release|Any CPU
		{71399511-D628-4E35-BCC7-423AD041E74B}.Release|x86.Build.0 = Release|Any CPU
		{AF0D7DBB-0A17-42E2-9E50-7AA09555A01E}.Ad-Hoc|Any CPU.ActiveCfg = Debug|Any CPU
		{AF0D7DBB-0A17-42E2-9E50-7AA09555A01E}.Ad-Hoc|Any CPU.Build.0 = Debug|Any CPU
		{AF0D7DBB-0A17-42E2-9E50-7AA09555A01E}.Ad-Hoc|ARM.ActiveCfg = Debug|Any CPU
		{AF0D7DBB-0A17-42E2-9E50-7AA09555A01E}.Ad-Hoc|ARM.Build.0 = Debug|Any CPU
		{AF0D7DBB-0A17-42E2-9E50-7AA09555A01E}.Ad-Hoc|iPhone.ActiveCfg = Debug|Any CPU
		{AF0D7DBB-0A17-42E2-9E50-7AA09555A01E}.Ad-Hoc|iPhone.Build.0 = Debug|Any CPU
		{AF0D7DBB-0A17-42E2-9E50-7AA09555A01E}.Ad-Hoc|iPhoneSimulator.ActiveCfg = Debug|Any CPU
		{AF0D7DBB-0A17-42E2-9E50-7AA09555A01E}.Ad-Hoc|iPhoneSimulator.Build.0 = Debug|Any CPU
		{AF0D7DBB-0A17-42E2-9E50-7AA09555A01E}.Ad-Hoc|x64.ActiveCfg = Debug|Any CPU
		{AF0D7DBB-0A17-42E2-9E50-7AA09555A01E}.Ad-Hoc|x64.Build.0 = Debug|Any CPU
		{AF0D7DBB-0A17-42E2-9E50-7AA09555A01E}.Ad-Hoc|x86.ActiveCfg = Debug|Any CPU
		{AF0D7DBB-0A17-42E2-9E50-7AA09555A01E}.Ad-Hoc|x86.Build.0 = Debug|Any CPU
		{AF0D7DBB-0A17-42E2-9E50-7AA09555A01E}.AppStore|Any CPU.ActiveCfg = Debug|Any CPU
		{AF0D7DBB-0A17-42E2-9E50-7AA09555A01E}.AppStore|Any CPU.Build.0 = Debug|Any CPU
		{AF0D7DBB-0A17-42E2-9E50-7AA09555A01E}.AppStore|ARM.ActiveCfg = Debug|Any CPU
		{AF0D7DBB-0A17-42E2-9E50-7AA09555A01E}.AppStore|ARM.Build.0 = Debug|Any CPU
		{AF0D7DBB-0A17-42E2-9E50-7AA09555A01E}.AppStore|iPhone.ActiveCfg = Debug|Any CPU
		{AF0D7DBB-0A17-42E2-9E50-7AA09555A01E}.AppStore|iPhone.Build.0 = Debug|Any CPU
		{AF0D7DBB-0A17-42E2-9E50-7AA09555A01E}.AppStore|iPhoneSimulator.ActiveCfg = Debug|Any CPU
		{AF0D7DBB-0A17-42E2-9E50-7AA09555A01E}.AppStore|iPhoneSimulator.Build.0 = Debug|Any CPU
		{AF0D7DBB-0A17-42E2-9E50-7AA09555A01E}.AppStore|x64.ActiveCfg = Debug|Any CPU
		{AF0D7DBB-0A17-42E2-9E50-7AA09555A01E}.AppStore|x64.Build.0 = Debug|Any CPU
		{AF0D7DBB-0A17-42E2-9E50-7AA09555A01E}.AppStore|x86.ActiveCfg = Debug|Any CPU
		{AF0D7DBB-0A17-42E2-9E50-7AA09555A01E}.AppStore|x86.Build.0 = Debug|Any CPU
		{AF0D7DBB-0A17-42E2-9E50-7AA09555A01E}.Debug|Any CPU.ActiveCfg = Debug|Any CPU
		{AF0D7DBB-0A17-42E2-9E50-7AA09555A01E}.Debug|Any CPU.Build.0 = Debug|Any CPU
		{AF0D7DBB-0A17-42E2-9E50-7AA09555A01E}.Debug|ARM.ActiveCfg = Debug|Any CPU
		{AF0D7DBB-0A17-42E2-9E50-7AA09555A01E}.Debug|ARM.Build.0 = Debug|Any CPU
		{AF0D7DBB-0A17-42E2-9E50-7AA09555A01E}.Debug|iPhone.ActiveCfg = Debug|Any CPU
		{AF0D7DBB-0A17-42E2-9E50-7AA09555A01E}.Debug|iPhone.Build.0 = Debug|Any CPU
		{AF0D7DBB-0A17-42E2-9E50-7AA09555A01E}.Debug|iPhoneSimulator.ActiveCfg = Debug|Any CPU
		{AF0D7DBB-0A17-42E2-9E50-7AA09555A01E}.Debug|iPhoneSimulator.Build.0 = Debug|Any CPU
		{AF0D7DBB-0A17-42E2-9E50-7AA09555A01E}.Debug|x64.ActiveCfg = Debug|Any CPU
		{AF0D7DBB-0A17-42E2-9E50-7AA09555A01E}.Debug|x64.Build.0 = Debug|Any CPU
		{AF0D7DBB-0A17-42E2-9E50-7AA09555A01E}.Debug|x86.ActiveCfg = Debug|Any CPU
		{AF0D7DBB-0A17-42E2-9E50-7AA09555A01E}.Debug|x86.Build.0 = Debug|Any CPU
		{AF0D7DBB-0A17-42E2-9E50-7AA09555A01E}.Release|Any CPU.ActiveCfg = Release|Any CPU
		{AF0D7DBB-0A17-42E2-9E50-7AA09555A01E}.Release|Any CPU.Build.0 = Release|Any CPU
		{AF0D7DBB-0A17-42E2-9E50-7AA09555A01E}.Release|ARM.ActiveCfg = Release|Any CPU
		{AF0D7DBB-0A17-42E2-9E50-7AA09555A01E}.Release|ARM.Build.0 = Release|Any CPU
		{AF0D7DBB-0A17-42E2-9E50-7AA09555A01E}.Release|iPhone.ActiveCfg = Release|Any CPU
		{AF0D7DBB-0A17-42E2-9E50-7AA09555A01E}.Release|iPhone.Build.0 = Release|Any CPU
		{AF0D7DBB-0A17-42E2-9E50-7AA09555A01E}.Release|iPhoneSimulator.ActiveCfg = Release|Any CPU
		{AF0D7DBB-0A17-42E2-9E50-7AA09555A01E}.Release|iPhoneSimulator.Build.0 = Release|Any CPU
		{AF0D7DBB-0A17-42E2-9E50-7AA09555A01E}.Release|x64.ActiveCfg = Release|Any CPU
		{AF0D7DBB-0A17-42E2-9E50-7AA09555A01E}.Release|x64.Build.0 = Release|Any CPU
		{AF0D7DBB-0A17-42E2-9E50-7AA09555A01E}.Release|x86.ActiveCfg = Release|Any CPU
		{AF0D7DBB-0A17-42E2-9E50-7AA09555A01E}.Release|x86.Build.0 = Release|Any CPU
		{9FAB181F-CF7D-4DF7-81CE-EEC1AF4F49F0}.Ad-Hoc|Any CPU.ActiveCfg = Debug|Any CPU
		{9FAB181F-CF7D-4DF7-81CE-EEC1AF4F49F0}.Ad-Hoc|Any CPU.Build.0 = Debug|Any CPU
		{9FAB181F-CF7D-4DF7-81CE-EEC1AF4F49F0}.Ad-Hoc|ARM.ActiveCfg = Debug|Any CPU
		{9FAB181F-CF7D-4DF7-81CE-EEC1AF4F49F0}.Ad-Hoc|ARM.Build.0 = Debug|Any CPU
		{9FAB181F-CF7D-4DF7-81CE-EEC1AF4F49F0}.Ad-Hoc|iPhone.ActiveCfg = Debug|Any CPU
		{9FAB181F-CF7D-4DF7-81CE-EEC1AF4F49F0}.Ad-Hoc|iPhone.Build.0 = Debug|Any CPU
		{9FAB181F-CF7D-4DF7-81CE-EEC1AF4F49F0}.Ad-Hoc|iPhoneSimulator.ActiveCfg = Debug|Any CPU
		{9FAB181F-CF7D-4DF7-81CE-EEC1AF4F49F0}.Ad-Hoc|iPhoneSimulator.Build.0 = Debug|Any CPU
		{9FAB181F-CF7D-4DF7-81CE-EEC1AF4F49F0}.Ad-Hoc|x64.ActiveCfg = Debug|Any CPU
		{9FAB181F-CF7D-4DF7-81CE-EEC1AF4F49F0}.Ad-Hoc|x64.Build.0 = Debug|Any CPU
		{9FAB181F-CF7D-4DF7-81CE-EEC1AF4F49F0}.Ad-Hoc|x86.ActiveCfg = Debug|Any CPU
		{9FAB181F-CF7D-4DF7-81CE-EEC1AF4F49F0}.Ad-Hoc|x86.Build.0 = Debug|Any CPU
		{9FAB181F-CF7D-4DF7-81CE-EEC1AF4F49F0}.AppStore|Any CPU.ActiveCfg = Debug|Any CPU
		{9FAB181F-CF7D-4DF7-81CE-EEC1AF4F49F0}.AppStore|Any CPU.Build.0 = Debug|Any CPU
		{9FAB181F-CF7D-4DF7-81CE-EEC1AF4F49F0}.AppStore|ARM.ActiveCfg = Debug|Any CPU
		{9FAB181F-CF7D-4DF7-81CE-EEC1AF4F49F0}.AppStore|ARM.Build.0 = Debug|Any CPU
		{9FAB181F-CF7D-4DF7-81CE-EEC1AF4F49F0}.AppStore|iPhone.ActiveCfg = Debug|Any CPU
		{9FAB181F-CF7D-4DF7-81CE-EEC1AF4F49F0}.AppStore|iPhone.Build.0 = Debug|Any CPU
		{9FAB181F-CF7D-4DF7-81CE-EEC1AF4F49F0}.AppStore|iPhoneSimulator.ActiveCfg = Debug|Any CPU
		{9FAB181F-CF7D-4DF7-81CE-EEC1AF4F49F0}.AppStore|iPhoneSimulator.Build.0 = Debug|Any CPU
		{9FAB181F-CF7D-4DF7-81CE-EEC1AF4F49F0}.AppStore|x64.ActiveCfg = Debug|Any CPU
		{9FAB181F-CF7D-4DF7-81CE-EEC1AF4F49F0}.AppStore|x64.Build.0 = Debug|Any CPU
		{9FAB181F-CF7D-4DF7-81CE-EEC1AF4F49F0}.AppStore|x86.ActiveCfg = Debug|Any CPU
		{9FAB181F-CF7D-4DF7-81CE-EEC1AF4F49F0}.AppStore|x86.Build.0 = Debug|Any CPU
		{9FAB181F-CF7D-4DF7-81CE-EEC1AF4F49F0}.Debug|Any CPU.ActiveCfg = Debug|Any CPU
		{9FAB181F-CF7D-4DF7-81CE-EEC1AF4F49F0}.Debug|Any CPU.Build.0 = Debug|Any CPU
		{9FAB181F-CF7D-4DF7-81CE-EEC1AF4F49F0}.Debug|ARM.ActiveCfg = Debug|Any CPU
		{9FAB181F-CF7D-4DF7-81CE-EEC1AF4F49F0}.Debug|ARM.Build.0 = Debug|Any CPU
		{9FAB181F-CF7D-4DF7-81CE-EEC1AF4F49F0}.Debug|iPhone.ActiveCfg = Debug|Any CPU
		{9FAB181F-CF7D-4DF7-81CE-EEC1AF4F49F0}.Debug|iPhone.Build.0 = Debug|Any CPU
		{9FAB181F-CF7D-4DF7-81CE-EEC1AF4F49F0}.Debug|iPhoneSimulator.ActiveCfg = Debug|Any CPU
		{9FAB181F-CF7D-4DF7-81CE-EEC1AF4F49F0}.Debug|iPhoneSimulator.Build.0 = Debug|Any CPU
		{9FAB181F-CF7D-4DF7-81CE-EEC1AF4F49F0}.Debug|x64.ActiveCfg = Debug|Any CPU
		{9FAB181F-CF7D-4DF7-81CE-EEC1AF4F49F0}.Debug|x64.Build.0 = Debug|Any CPU
		{9FAB181F-CF7D-4DF7-81CE-EEC1AF4F49F0}.Debug|x86.ActiveCfg = Debug|Any CPU
		{9FAB181F-CF7D-4DF7-81CE-EEC1AF4F49F0}.Debug|x86.Build.0 = Debug|Any CPU
		{9FAB181F-CF7D-4DF7-81CE-EEC1AF4F49F0}.Release|Any CPU.ActiveCfg = Release|Any CPU
		{9FAB181F-CF7D-4DF7-81CE-EEC1AF4F49F0}.Release|Any CPU.Build.0 = Release|Any CPU
		{9FAB181F-CF7D-4DF7-81CE-EEC1AF4F49F0}.Release|ARM.ActiveCfg = Release|Any CPU
		{9FAB181F-CF7D-4DF7-81CE-EEC1AF4F49F0}.Release|ARM.Build.0 = Release|Any CPU
		{9FAB181F-CF7D-4DF7-81CE-EEC1AF4F49F0}.Release|iPhone.ActiveCfg = Release|Any CPU
		{9FAB181F-CF7D-4DF7-81CE-EEC1AF4F49F0}.Release|iPhone.Build.0 = Release|Any CPU
		{9FAB181F-CF7D-4DF7-81CE-EEC1AF4F49F0}.Release|iPhoneSimulator.ActiveCfg = Release|Any CPU
		{9FAB181F-CF7D-4DF7-81CE-EEC1AF4F49F0}.Release|iPhoneSimulator.Build.0 = Release|Any CPU
		{9FAB181F-CF7D-4DF7-81CE-EEC1AF4F49F0}.Release|x64.ActiveCfg = Release|Any CPU
		{9FAB181F-CF7D-4DF7-81CE-EEC1AF4F49F0}.Release|x64.Build.0 = Release|Any CPU
		{9FAB181F-CF7D-4DF7-81CE-EEC1AF4F49F0}.Release|x86.ActiveCfg = Release|Any CPU
		{9FAB181F-CF7D-4DF7-81CE-EEC1AF4F49F0}.Release|x86.Build.0 = Release|Any CPU
		{FFE846A2-D0AF-4D30-81D9-3CBB3C1022C0}.Ad-Hoc|Any CPU.ActiveCfg = Release|Any CPU
		{FFE846A2-D0AF-4D30-81D9-3CBB3C1022C0}.Ad-Hoc|Any CPU.Build.0 = Release|Any CPU
		{FFE846A2-D0AF-4D30-81D9-3CBB3C1022C0}.Ad-Hoc|Any CPU.Deploy.0 = Release|Any CPU
		{FFE846A2-D0AF-4D30-81D9-3CBB3C1022C0}.Ad-Hoc|ARM.ActiveCfg = Release|Any CPU
		{FFE846A2-D0AF-4D30-81D9-3CBB3C1022C0}.Ad-Hoc|ARM.Build.0 = Release|Any CPU
		{FFE846A2-D0AF-4D30-81D9-3CBB3C1022C0}.Ad-Hoc|ARM.Deploy.0 = Release|Any CPU
		{FFE846A2-D0AF-4D30-81D9-3CBB3C1022C0}.Ad-Hoc|iPhone.ActiveCfg = Release|Any CPU
		{FFE846A2-D0AF-4D30-81D9-3CBB3C1022C0}.Ad-Hoc|iPhone.Build.0 = Release|Any CPU
		{FFE846A2-D0AF-4D30-81D9-3CBB3C1022C0}.Ad-Hoc|iPhone.Deploy.0 = Release|Any CPU
		{FFE846A2-D0AF-4D30-81D9-3CBB3C1022C0}.Ad-Hoc|iPhoneSimulator.ActiveCfg = Release|Any CPU
		{FFE846A2-D0AF-4D30-81D9-3CBB3C1022C0}.Ad-Hoc|iPhoneSimulator.Build.0 = Release|Any CPU
		{FFE846A2-D0AF-4D30-81D9-3CBB3C1022C0}.Ad-Hoc|iPhoneSimulator.Deploy.0 = Release|Any CPU
		{FFE846A2-D0AF-4D30-81D9-3CBB3C1022C0}.Ad-Hoc|x64.ActiveCfg = Release|Any CPU
		{FFE846A2-D0AF-4D30-81D9-3CBB3C1022C0}.Ad-Hoc|x64.Build.0 = Release|Any CPU
		{FFE846A2-D0AF-4D30-81D9-3CBB3C1022C0}.Ad-Hoc|x64.Deploy.0 = Release|Any CPU
		{FFE846A2-D0AF-4D30-81D9-3CBB3C1022C0}.Ad-Hoc|x86.ActiveCfg = Release|Any CPU
		{FFE846A2-D0AF-4D30-81D9-3CBB3C1022C0}.Ad-Hoc|x86.Build.0 = Release|Any CPU
		{FFE846A2-D0AF-4D30-81D9-3CBB3C1022C0}.Ad-Hoc|x86.Deploy.0 = Release|Any CPU
		{FFE846A2-D0AF-4D30-81D9-3CBB3C1022C0}.AppStore|Any CPU.ActiveCfg = Release|Any CPU
		{FFE846A2-D0AF-4D30-81D9-3CBB3C1022C0}.AppStore|Any CPU.Build.0 = Release|Any CPU
		{FFE846A2-D0AF-4D30-81D9-3CBB3C1022C0}.AppStore|Any CPU.Deploy.0 = Release|Any CPU
		{FFE846A2-D0AF-4D30-81D9-3CBB3C1022C0}.AppStore|ARM.ActiveCfg = Release|Any CPU
		{FFE846A2-D0AF-4D30-81D9-3CBB3C1022C0}.AppStore|ARM.Build.0 = Release|Any CPU
		{FFE846A2-D0AF-4D30-81D9-3CBB3C1022C0}.AppStore|ARM.Deploy.0 = Release|Any CPU
		{FFE846A2-D0AF-4D30-81D9-3CBB3C1022C0}.AppStore|iPhone.ActiveCfg = Release|Any CPU
		{FFE846A2-D0AF-4D30-81D9-3CBB3C1022C0}.AppStore|iPhone.Build.0 = Release|Any CPU
		{FFE846A2-D0AF-4D30-81D9-3CBB3C1022C0}.AppStore|iPhone.Deploy.0 = Release|Any CPU
		{FFE846A2-D0AF-4D30-81D9-3CBB3C1022C0}.AppStore|iPhoneSimulator.ActiveCfg = Release|Any CPU
		{FFE846A2-D0AF-4D30-81D9-3CBB3C1022C0}.AppStore|iPhoneSimulator.Build.0 = Release|Any CPU
		{FFE846A2-D0AF-4D30-81D9-3CBB3C1022C0}.AppStore|iPhoneSimulator.Deploy.0 = Release|Any CPU
		{FFE846A2-D0AF-4D30-81D9-3CBB3C1022C0}.AppStore|x64.ActiveCfg = Release|Any CPU
		{FFE846A2-D0AF-4D30-81D9-3CBB3C1022C0}.AppStore|x64.Build.0 = Release|Any CPU
		{FFE846A2-D0AF-4D30-81D9-3CBB3C1022C0}.AppStore|x64.Deploy.0 = Release|Any CPU
		{FFE846A2-D0AF-4D30-81D9-3CBB3C1022C0}.AppStore|x86.ActiveCfg = Release|Any CPU
		{FFE846A2-D0AF-4D30-81D9-3CBB3C1022C0}.AppStore|x86.Build.0 = Release|Any CPU
		{FFE846A2-D0AF-4D30-81D9-3CBB3C1022C0}.AppStore|x86.Deploy.0 = Release|Any CPU
		{FFE846A2-D0AF-4D30-81D9-3CBB3C1022C0}.Debug|Any CPU.ActiveCfg = Debug|Any CPU
		{FFE846A2-D0AF-4D30-81D9-3CBB3C1022C0}.Debug|Any CPU.Build.0 = Debug|Any CPU
		{FFE846A2-D0AF-4D30-81D9-3CBB3C1022C0}.Debug|Any CPU.Deploy.0 = Debug|Any CPU
		{FFE846A2-D0AF-4D30-81D9-3CBB3C1022C0}.Debug|ARM.ActiveCfg = Debug|Any CPU
		{FFE846A2-D0AF-4D30-81D9-3CBB3C1022C0}.Debug|ARM.Build.0 = Debug|Any CPU
		{FFE846A2-D0AF-4D30-81D9-3CBB3C1022C0}.Debug|ARM.Deploy.0 = Debug|Any CPU
		{FFE846A2-D0AF-4D30-81D9-3CBB3C1022C0}.Debug|iPhone.ActiveCfg = Debug|Any CPU
		{FFE846A2-D0AF-4D30-81D9-3CBB3C1022C0}.Debug|iPhone.Build.0 = Debug|Any CPU
		{FFE846A2-D0AF-4D30-81D9-3CBB3C1022C0}.Debug|iPhone.Deploy.0 = Debug|Any CPU
		{FFE846A2-D0AF-4D30-81D9-3CBB3C1022C0}.Debug|iPhoneSimulator.ActiveCfg = Debug|Any CPU
		{FFE846A2-D0AF-4D30-81D9-3CBB3C1022C0}.Debug|iPhoneSimulator.Build.0 = Debug|Any CPU
		{FFE846A2-D0AF-4D30-81D9-3CBB3C1022C0}.Debug|iPhoneSimulator.Deploy.0 = Debug|Any CPU
		{FFE846A2-D0AF-4D30-81D9-3CBB3C1022C0}.Debug|x64.ActiveCfg = Debug|Any CPU
		{FFE846A2-D0AF-4D30-81D9-3CBB3C1022C0}.Debug|x64.Build.0 = Debug|Any CPU
		{FFE846A2-D0AF-4D30-81D9-3CBB3C1022C0}.Debug|x64.Deploy.0 = Debug|Any CPU
		{FFE846A2-D0AF-4D30-81D9-3CBB3C1022C0}.Debug|x86.ActiveCfg = Debug|Any CPU
		{FFE846A2-D0AF-4D30-81D9-3CBB3C1022C0}.Debug|x86.Build.0 = Debug|Any CPU
		{FFE846A2-D0AF-4D30-81D9-3CBB3C1022C0}.Debug|x86.Deploy.0 = Debug|Any CPU
		{FFE846A2-D0AF-4D30-81D9-3CBB3C1022C0}.Release|Any CPU.ActiveCfg = Release|Any CPU
		{FFE846A2-D0AF-4D30-81D9-3CBB3C1022C0}.Release|Any CPU.Build.0 = Release|Any CPU
		{FFE846A2-D0AF-4D30-81D9-3CBB3C1022C0}.Release|Any CPU.Deploy.0 = Release|Any CPU
		{FFE846A2-D0AF-4D30-81D9-3CBB3C1022C0}.Release|ARM.ActiveCfg = Release|Any CPU
		{FFE846A2-D0AF-4D30-81D9-3CBB3C1022C0}.Release|ARM.Build.0 = Release|Any CPU
		{FFE846A2-D0AF-4D30-81D9-3CBB3C1022C0}.Release|ARM.Deploy.0 = Release|Any CPU
		{FFE846A2-D0AF-4D30-81D9-3CBB3C1022C0}.Release|iPhone.ActiveCfg = Release|Any CPU
		{FFE846A2-D0AF-4D30-81D9-3CBB3C1022C0}.Release|iPhone.Build.0 = Release|Any CPU
		{FFE846A2-D0AF-4D30-81D9-3CBB3C1022C0}.Release|iPhone.Deploy.0 = Release|Any CPU
		{FFE846A2-D0AF-4D30-81D9-3CBB3C1022C0}.Release|iPhoneSimulator.ActiveCfg = Release|Any CPU
		{FFE846A2-D0AF-4D30-81D9-3CBB3C1022C0}.Release|iPhoneSimulator.Build.0 = Release|Any CPU
		{FFE846A2-D0AF-4D30-81D9-3CBB3C1022C0}.Release|iPhoneSimulator.Deploy.0 = Release|Any CPU
		{FFE846A2-D0AF-4D30-81D9-3CBB3C1022C0}.Release|x64.ActiveCfg = Release|Any CPU
		{FFE846A2-D0AF-4D30-81D9-3CBB3C1022C0}.Release|x64.Build.0 = Release|Any CPU
		{FFE846A2-D0AF-4D30-81D9-3CBB3C1022C0}.Release|x64.Deploy.0 = Release|Any CPU
		{FFE846A2-D0AF-4D30-81D9-3CBB3C1022C0}.Release|x86.ActiveCfg = Release|Any CPU
		{FFE846A2-D0AF-4D30-81D9-3CBB3C1022C0}.Release|x86.Build.0 = Release|Any CPU
		{FFE846A2-D0AF-4D30-81D9-3CBB3C1022C0}.Release|x86.Deploy.0 = Release|Any CPU
		{531CF8F0-CF45-4E80-B613-81DBCDFDD530}.Ad-Hoc|Any CPU.ActiveCfg = Ad-Hoc|iPhone
		{531CF8F0-CF45-4E80-B613-81DBCDFDD530}.Ad-Hoc|ARM.ActiveCfg = Ad-Hoc|iPhone
		{531CF8F0-CF45-4E80-B613-81DBCDFDD530}.Ad-Hoc|iPhone.ActiveCfg = Ad-Hoc|iPhone
		{531CF8F0-CF45-4E80-B613-81DBCDFDD530}.Ad-Hoc|iPhone.Build.0 = Ad-Hoc|iPhone
		{531CF8F0-CF45-4E80-B613-81DBCDFDD530}.Ad-Hoc|iPhoneSimulator.ActiveCfg = Ad-Hoc|iPhoneSimulator
		{531CF8F0-CF45-4E80-B613-81DBCDFDD530}.Ad-Hoc|iPhoneSimulator.Build.0 = Ad-Hoc|iPhoneSimulator
		{531CF8F0-CF45-4E80-B613-81DBCDFDD530}.Ad-Hoc|x64.ActiveCfg = Ad-Hoc|iPhone
		{531CF8F0-CF45-4E80-B613-81DBCDFDD530}.Ad-Hoc|x86.ActiveCfg = Ad-Hoc|iPhone
		{531CF8F0-CF45-4E80-B613-81DBCDFDD530}.AppStore|Any CPU.ActiveCfg = AppStore|iPhone
		{531CF8F0-CF45-4E80-B613-81DBCDFDD530}.AppStore|ARM.ActiveCfg = AppStore|iPhone
		{531CF8F0-CF45-4E80-B613-81DBCDFDD530}.AppStore|iPhone.ActiveCfg = AppStore|iPhone
		{531CF8F0-CF45-4E80-B613-81DBCDFDD530}.AppStore|iPhone.Build.0 = AppStore|iPhone
		{531CF8F0-CF45-4E80-B613-81DBCDFDD530}.AppStore|iPhoneSimulator.ActiveCfg = AppStore|iPhoneSimulator
		{531CF8F0-CF45-4E80-B613-81DBCDFDD530}.AppStore|iPhoneSimulator.Build.0 = AppStore|iPhoneSimulator
		{531CF8F0-CF45-4E80-B613-81DBCDFDD530}.AppStore|x64.ActiveCfg = AppStore|iPhone
		{531CF8F0-CF45-4E80-B613-81DBCDFDD530}.AppStore|x86.ActiveCfg = AppStore|iPhone
		{531CF8F0-CF45-4E80-B613-81DBCDFDD530}.Debug|Any CPU.ActiveCfg = Debug|iPhone
		{531CF8F0-CF45-4E80-B613-81DBCDFDD530}.Debug|ARM.ActiveCfg = Debug|iPhone
		{531CF8F0-CF45-4E80-B613-81DBCDFDD530}.Debug|iPhone.ActiveCfg = Debug|iPhone
		{531CF8F0-CF45-4E80-B613-81DBCDFDD530}.Debug|iPhone.Build.0 = Debug|iPhone
		{531CF8F0-CF45-4E80-B613-81DBCDFDD530}.Debug|iPhoneSimulator.ActiveCfg = Debug|iPhoneSimulator
		{531CF8F0-CF45-4E80-B613-81DBCDFDD530}.Debug|iPhoneSimulator.Build.0 = Debug|iPhoneSimulator
		{531CF8F0-CF45-4E80-B613-81DBCDFDD530}.Debug|x64.ActiveCfg = Debug|iPhone
		{531CF8F0-CF45-4E80-B613-81DBCDFDD530}.Debug|x86.ActiveCfg = Debug|iPhone
		{531CF8F0-CF45-4E80-B613-81DBCDFDD530}.Release|Any CPU.ActiveCfg = Release|iPhone
		{531CF8F0-CF45-4E80-B613-81DBCDFDD530}.Release|ARM.ActiveCfg = Release|iPhone
		{531CF8F0-CF45-4E80-B613-81DBCDFDD530}.Release|iPhone.ActiveCfg = Release|iPhone
		{531CF8F0-CF45-4E80-B613-81DBCDFDD530}.Release|iPhone.Build.0 = Release|iPhone
		{531CF8F0-CF45-4E80-B613-81DBCDFDD530}.Release|iPhoneSimulator.ActiveCfg = Release|iPhoneSimulator
		{531CF8F0-CF45-4E80-B613-81DBCDFDD530}.Release|iPhoneSimulator.Build.0 = Release|iPhoneSimulator
		{531CF8F0-CF45-4E80-B613-81DBCDFDD530}.Release|x64.ActiveCfg = Release|iPhone
		{531CF8F0-CF45-4E80-B613-81DBCDFDD530}.Release|x86.ActiveCfg = Release|iPhone
		{DC11B536-03D6-4F2F-A5B0-375FF78B11D1}.Ad-Hoc|Any CPU.ActiveCfg = Release|x86
		{DC11B536-03D6-4F2F-A5B0-375FF78B11D1}.Ad-Hoc|Any CPU.Build.0 = Release|x86
		{DC11B536-03D6-4F2F-A5B0-375FF78B11D1}.Ad-Hoc|Any CPU.Deploy.0 = Release|x86
		{DC11B536-03D6-4F2F-A5B0-375FF78B11D1}.Ad-Hoc|ARM.ActiveCfg = Release|ARM
		{DC11B536-03D6-4F2F-A5B0-375FF78B11D1}.Ad-Hoc|ARM.Build.0 = Release|ARM
		{DC11B536-03D6-4F2F-A5B0-375FF78B11D1}.Ad-Hoc|ARM.Deploy.0 = Release|ARM
		{DC11B536-03D6-4F2F-A5B0-375FF78B11D1}.Ad-Hoc|iPhone.ActiveCfg = Release|x86
		{DC11B536-03D6-4F2F-A5B0-375FF78B11D1}.Ad-Hoc|iPhone.Build.0 = Release|x86
		{DC11B536-03D6-4F2F-A5B0-375FF78B11D1}.Ad-Hoc|iPhone.Deploy.0 = Release|x86
		{DC11B536-03D6-4F2F-A5B0-375FF78B11D1}.Ad-Hoc|iPhoneSimulator.ActiveCfg = Release|x86
		{DC11B536-03D6-4F2F-A5B0-375FF78B11D1}.Ad-Hoc|iPhoneSimulator.Build.0 = Release|x86
		{DC11B536-03D6-4F2F-A5B0-375FF78B11D1}.Ad-Hoc|iPhoneSimulator.Deploy.0 = Release|x86
		{DC11B536-03D6-4F2F-A5B0-375FF78B11D1}.Ad-Hoc|x64.ActiveCfg = Release|x64
		{DC11B536-03D6-4F2F-A5B0-375FF78B11D1}.Ad-Hoc|x64.Build.0 = Release|x64
		{DC11B536-03D6-4F2F-A5B0-375FF78B11D1}.Ad-Hoc|x64.Deploy.0 = Release|x64
		{DC11B536-03D6-4F2F-A5B0-375FF78B11D1}.Ad-Hoc|x86.ActiveCfg = Release|x86
		{DC11B536-03D6-4F2F-A5B0-375FF78B11D1}.Ad-Hoc|x86.Build.0 = Release|x86
		{DC11B536-03D6-4F2F-A5B0-375FF78B11D1}.Ad-Hoc|x86.Deploy.0 = Release|x86
		{DC11B536-03D6-4F2F-A5B0-375FF78B11D1}.AppStore|Any CPU.ActiveCfg = Release|x86
		{DC11B536-03D6-4F2F-A5B0-375FF78B11D1}.AppStore|Any CPU.Build.0 = Release|x86
		{DC11B536-03D6-4F2F-A5B0-375FF78B11D1}.AppStore|Any CPU.Deploy.0 = Release|x86
		{DC11B536-03D6-4F2F-A5B0-375FF78B11D1}.AppStore|ARM.ActiveCfg = Release|ARM
		{DC11B536-03D6-4F2F-A5B0-375FF78B11D1}.AppStore|ARM.Build.0 = Release|ARM
		{DC11B536-03D6-4F2F-A5B0-375FF78B11D1}.AppStore|ARM.Deploy.0 = Release|ARM
		{DC11B536-03D6-4F2F-A5B0-375FF78B11D1}.AppStore|iPhone.ActiveCfg = Release|x86
		{DC11B536-03D6-4F2F-A5B0-375FF78B11D1}.AppStore|iPhone.Build.0 = Release|x86
		{DC11B536-03D6-4F2F-A5B0-375FF78B11D1}.AppStore|iPhone.Deploy.0 = Release|x86
		{DC11B536-03D6-4F2F-A5B0-375FF78B11D1}.AppStore|iPhoneSimulator.ActiveCfg = Release|x86
		{DC11B536-03D6-4F2F-A5B0-375FF78B11D1}.AppStore|iPhoneSimulator.Build.0 = Release|x86
		{DC11B536-03D6-4F2F-A5B0-375FF78B11D1}.AppStore|iPhoneSimulator.Deploy.0 = Release|x86
		{DC11B536-03D6-4F2F-A5B0-375FF78B11D1}.AppStore|x64.ActiveCfg = Release|x64
		{DC11B536-03D6-4F2F-A5B0-375FF78B11D1}.AppStore|x64.Build.0 = Release|x64
		{DC11B536-03D6-4F2F-A5B0-375FF78B11D1}.AppStore|x64.Deploy.0 = Release|x64
		{DC11B536-03D6-4F2F-A5B0-375FF78B11D1}.AppStore|x86.ActiveCfg = Release|x86
		{DC11B536-03D6-4F2F-A5B0-375FF78B11D1}.AppStore|x86.Build.0 = Release|x86
		{DC11B536-03D6-4F2F-A5B0-375FF78B11D1}.AppStore|x86.Deploy.0 = Release|x86
		{DC11B536-03D6-4F2F-A5B0-375FF78B11D1}.Debug|Any CPU.ActiveCfg = Debug|x86
		{DC11B536-03D6-4F2F-A5B0-375FF78B11D1}.Debug|ARM.ActiveCfg = Debug|ARM
		{DC11B536-03D6-4F2F-A5B0-375FF78B11D1}.Debug|ARM.Build.0 = Debug|ARM
		{DC11B536-03D6-4F2F-A5B0-375FF78B11D1}.Debug|ARM.Deploy.0 = Debug|ARM
		{DC11B536-03D6-4F2F-A5B0-375FF78B11D1}.Debug|iPhone.ActiveCfg = Debug|x86
		{DC11B536-03D6-4F2F-A5B0-375FF78B11D1}.Debug|iPhoneSimulator.ActiveCfg = Debug|x86
		{DC11B536-03D6-4F2F-A5B0-375FF78B11D1}.Debug|x64.ActiveCfg = Debug|x64
		{DC11B536-03D6-4F2F-A5B0-375FF78B11D1}.Debug|x64.Build.0 = Debug|x64
		{DC11B536-03D6-4F2F-A5B0-375FF78B11D1}.Debug|x64.Deploy.0 = Debug|x64
		{DC11B536-03D6-4F2F-A5B0-375FF78B11D1}.Debug|x86.ActiveCfg = Debug|x86
		{DC11B536-03D6-4F2F-A5B0-375FF78B11D1}.Debug|x86.Build.0 = Debug|x86
		{DC11B536-03D6-4F2F-A5B0-375FF78B11D1}.Debug|x86.Deploy.0 = Debug|x86
		{DC11B536-03D6-4F2F-A5B0-375FF78B11D1}.Release|Any CPU.ActiveCfg = Release|x86
		{DC11B536-03D6-4F2F-A5B0-375FF78B11D1}.Release|ARM.ActiveCfg = Release|ARM
		{DC11B536-03D6-4F2F-A5B0-375FF78B11D1}.Release|ARM.Build.0 = Release|ARM
		{DC11B536-03D6-4F2F-A5B0-375FF78B11D1}.Release|ARM.Deploy.0 = Release|ARM
		{DC11B536-03D6-4F2F-A5B0-375FF78B11D1}.Release|iPhone.ActiveCfg = Release|x86
		{DC11B536-03D6-4F2F-A5B0-375FF78B11D1}.Release|iPhoneSimulator.ActiveCfg = Release|x86
		{DC11B536-03D6-4F2F-A5B0-375FF78B11D1}.Release|x64.ActiveCfg = Release|x64
		{DC11B536-03D6-4F2F-A5B0-375FF78B11D1}.Release|x64.Build.0 = Release|x64
		{DC11B536-03D6-4F2F-A5B0-375FF78B11D1}.Release|x64.Deploy.0 = Release|x64
		{DC11B536-03D6-4F2F-A5B0-375FF78B11D1}.Release|x86.ActiveCfg = Release|x86
		{DC11B536-03D6-4F2F-A5B0-375FF78B11D1}.Release|x86.Build.0 = Release|x86
		{DC11B536-03D6-4F2F-A5B0-375FF78B11D1}.Release|x86.Deploy.0 = Release|x86
		{DE4C6D60-17AE-42DA-BA9C-A7A48EB74779}.Ad-Hoc|Any CPU.ActiveCfg = Debug|Any CPU
		{DE4C6D60-17AE-42DA-BA9C-A7A48EB74779}.Ad-Hoc|Any CPU.Build.0 = Debug|Any CPU
		{DE4C6D60-17AE-42DA-BA9C-A7A48EB74779}.Ad-Hoc|ARM.ActiveCfg = Debug|Any CPU
		{DE4C6D60-17AE-42DA-BA9C-A7A48EB74779}.Ad-Hoc|ARM.Build.0 = Debug|Any CPU
		{DE4C6D60-17AE-42DA-BA9C-A7A48EB74779}.Ad-Hoc|iPhone.ActiveCfg = Debug|Any CPU
		{DE4C6D60-17AE-42DA-BA9C-A7A48EB74779}.Ad-Hoc|iPhone.Build.0 = Debug|Any CPU
		{DE4C6D60-17AE-42DA-BA9C-A7A48EB74779}.Ad-Hoc|iPhoneSimulator.ActiveCfg = Debug|Any CPU
		{DE4C6D60-17AE-42DA-BA9C-A7A48EB74779}.Ad-Hoc|iPhoneSimulator.Build.0 = Debug|Any CPU
		{DE4C6D60-17AE-42DA-BA9C-A7A48EB74779}.Ad-Hoc|x64.ActiveCfg = Debug|Any CPU
		{DE4C6D60-17AE-42DA-BA9C-A7A48EB74779}.Ad-Hoc|x64.Build.0 = Debug|Any CPU
		{DE4C6D60-17AE-42DA-BA9C-A7A48EB74779}.Ad-Hoc|x86.ActiveCfg = Debug|Any CPU
		{DE4C6D60-17AE-42DA-BA9C-A7A48EB74779}.Ad-Hoc|x86.Build.0 = Debug|Any CPU
		{DE4C6D60-17AE-42DA-BA9C-A7A48EB74779}.AppStore|Any CPU.ActiveCfg = Debug|Any CPU
		{DE4C6D60-17AE-42DA-BA9C-A7A48EB74779}.AppStore|Any CPU.Build.0 = Debug|Any CPU
		{DE4C6D60-17AE-42DA-BA9C-A7A48EB74779}.AppStore|ARM.ActiveCfg = Debug|Any CPU
		{DE4C6D60-17AE-42DA-BA9C-A7A48EB74779}.AppStore|ARM.Build.0 = Debug|Any CPU
		{DE4C6D60-17AE-42DA-BA9C-A7A48EB74779}.AppStore|iPhone.ActiveCfg = Debug|Any CPU
		{DE4C6D60-17AE-42DA-BA9C-A7A48EB74779}.AppStore|iPhone.Build.0 = Debug|Any CPU
		{DE4C6D60-17AE-42DA-BA9C-A7A48EB74779}.AppStore|iPhoneSimulator.ActiveCfg = Debug|Any CPU
		{DE4C6D60-17AE-42DA-BA9C-A7A48EB74779}.AppStore|iPhoneSimulator.Build.0 = Debug|Any CPU
		{DE4C6D60-17AE-42DA-BA9C-A7A48EB74779}.AppStore|x64.ActiveCfg = Debug|Any CPU
		{DE4C6D60-17AE-42DA-BA9C-A7A48EB74779}.AppStore|x64.Build.0 = Debug|Any CPU
		{DE4C6D60-17AE-42DA-BA9C-A7A48EB74779}.AppStore|x86.ActiveCfg = Debug|Any CPU
		{DE4C6D60-17AE-42DA-BA9C-A7A48EB74779}.AppStore|x86.Build.0 = Debug|Any CPU
		{DE4C6D60-17AE-42DA-BA9C-A7A48EB74779}.Debug|Any CPU.ActiveCfg = Debug|Any CPU
		{DE4C6D60-17AE-42DA-BA9C-A7A48EB74779}.Debug|Any CPU.Build.0 = Debug|Any CPU
		{DE4C6D60-17AE-42DA-BA9C-A7A48EB74779}.Debug|ARM.ActiveCfg = Debug|Any CPU
		{DE4C6D60-17AE-42DA-BA9C-A7A48EB74779}.Debug|ARM.Build.0 = Debug|Any CPU
		{DE4C6D60-17AE-42DA-BA9C-A7A48EB74779}.Debug|iPhone.ActiveCfg = Debug|Any CPU
		{DE4C6D60-17AE-42DA-BA9C-A7A48EB74779}.Debug|iPhone.Build.0 = Debug|Any CPU
		{DE4C6D60-17AE-42DA-BA9C-A7A48EB74779}.Debug|iPhoneSimulator.ActiveCfg = Debug|Any CPU
		{DE4C6D60-17AE-42DA-BA9C-A7A48EB74779}.Debug|iPhoneSimulator.Build.0 = Debug|Any CPU
		{DE4C6D60-17AE-42DA-BA9C-A7A48EB74779}.Debug|x64.ActiveCfg = Debug|Any CPU
		{DE4C6D60-17AE-42DA-BA9C-A7A48EB74779}.Debug|x64.Build.0 = Debug|Any CPU
		{DE4C6D60-17AE-42DA-BA9C-A7A48EB74779}.Debug|x86.ActiveCfg = Debug|Any CPU
		{DE4C6D60-17AE-42DA-BA9C-A7A48EB74779}.Debug|x86.Build.0 = Debug|Any CPU
		{DE4C6D60-17AE-42DA-BA9C-A7A48EB74779}.Release|Any CPU.ActiveCfg = Release|Any CPU
		{DE4C6D60-17AE-42DA-BA9C-A7A48EB74779}.Release|Any CPU.Build.0 = Release|Any CPU
		{DE4C6D60-17AE-42DA-BA9C-A7A48EB74779}.Release|ARM.ActiveCfg = Release|Any CPU
		{DE4C6D60-17AE-42DA-BA9C-A7A48EB74779}.Release|ARM.Build.0 = Release|Any CPU
		{DE4C6D60-17AE-42DA-BA9C-A7A48EB74779}.Release|iPhone.ActiveCfg = Release|Any CPU
		{DE4C6D60-17AE-42DA-BA9C-A7A48EB74779}.Release|iPhone.Build.0 = Release|Any CPU
		{DE4C6D60-17AE-42DA-BA9C-A7A48EB74779}.Release|iPhoneSimulator.ActiveCfg = Release|Any CPU
		{DE4C6D60-17AE-42DA-BA9C-A7A48EB74779}.Release|iPhoneSimulator.Build.0 = Release|Any CPU
		{DE4C6D60-17AE-42DA-BA9C-A7A48EB74779}.Release|x64.ActiveCfg = Release|Any CPU
		{DE4C6D60-17AE-42DA-BA9C-A7A48EB74779}.Release|x64.Build.0 = Release|Any CPU
		{DE4C6D60-17AE-42DA-BA9C-A7A48EB74779}.Release|x86.ActiveCfg = Release|Any CPU
		{DE4C6D60-17AE-42DA-BA9C-A7A48EB74779}.Release|x86.Build.0 = Release|Any CPU
	EndGlobalSection
	GlobalSection(SolutionProperties) = preSolution
		HideSolutionNode = FALSE
	EndGlobalSection
	GlobalSection(NestedProjects) = preSolution
		{5ABD947B-3ED7-4486-8555-2BB269365563} = {C2E69A13-11A0-41CF-832C-2B6097B3BF94}
		{BF5449BE-69AF-4228-B716-293F466EC572} = {CE89FB2A-DB66-40BB-A344-92823863F868}
		{236F612A-A06B-433D-A111-BF8393202892} = {0AE85E45-7A38-48E9-BE00-7620693995A5}
		{23952A42-D4D6-4974-A5FC-8BCCB9D912AB} = {C2E69A13-11A0-41CF-832C-2B6097B3BF94}
		{5BBE776B-6307-49A0-A7CC-B06085BA9DF6} = {C2E69A13-11A0-41CF-832C-2B6097B3BF94}
		{DE6B7523-29A1-414A-BBC2-126DE499015D} = {CE89FB2A-DB66-40BB-A344-92823863F868}
		{D059A862-6DD4-4BD9-97E8-629950D172E8} = {0AE85E45-7A38-48E9-BE00-7620693995A5}
		{DC3DAE17-873E-4687-9D71-33E270C5D668} = {D059A862-6DD4-4BD9-97E8-629950D172E8}
		{8C741C9D-B788-4BA2-A92F-F9FEE43064F8} = {D059A862-6DD4-4BD9-97E8-629950D172E8}
		{CA0319D4-9E71-4C85-9D69-3C8D9680E562} = {D059A862-6DD4-4BD9-97E8-629950D172E8}
		{71399511-D628-4E35-BCC7-423AD041E74B} = {D059A862-6DD4-4BD9-97E8-629950D172E8}
		{AF0D7DBB-0A17-42E2-9E50-7AA09555A01E} = {CE89FB2A-DB66-40BB-A344-92823863F868}
		{A1869D92-DC5A-4D42-AAFA-0D7E64BB43BD} = {0AE85E45-7A38-48E9-BE00-7620693995A5}
		{C2E69A13-11A0-41CF-832C-2B6097B3BF94} = {0AE85E45-7A38-48E9-BE00-7620693995A5}
		{9FAB181F-CF7D-4DF7-81CE-EEC1AF4F49F0} = {C2E69A13-11A0-41CF-832C-2B6097B3BF94}
		{FFE846A2-D0AF-4D30-81D9-3CBB3C1022C0} = {A1869D92-DC5A-4D42-AAFA-0D7E64BB43BD}
		{531CF8F0-CF45-4E80-B613-81DBCDFDD530} = {A1869D92-DC5A-4D42-AAFA-0D7E64BB43BD}
		{DC11B536-03D6-4F2F-A5B0-375FF78B11D1} = {A1869D92-DC5A-4D42-AAFA-0D7E64BB43BD}
		{DE4C6D60-17AE-42DA-BA9C-A7A48EB74779} = {A1869D92-DC5A-4D42-AAFA-0D7E64BB43BD}
	EndGlobalSection
	GlobalSection(ExtensibilityGlobals) = postSolution
		SolutionGuid = {023C9D73-4ED2-4DB5-98B8-A6B0DB76632E}
	EndGlobalSection
EndGlobal
